// !$*UTF8*$!
{
	archiveVersion = 1;
	classes = {
	};
	objectVersion = 77;
	objects = {

/* Begin PBXBuildFile section */
		1F1413342F8C7C930013386A /* WidgetKit.framework in Frameworks */ = {isa = PBXBuildFile; fileRef = 1F28ABAE2F86DA4A00639A74 /* WidgetKit.framework */; };
		1F1413352F8C7C930013386A /* SwiftUI.framework in Frameworks */ = {isa = PBXBuildFile; fileRef = 1F28ABB02F86DA4B00639A74 /* SwiftUI.framework */; };
		1F1413402F8C7C940013386A /* Codex Switcher iOS Widgets.appex in Embed Foundation Extensions */ = {isa = PBXBuildFile; fileRef = 1F1413332F8C7C930013386A /* Codex Switcher iOS Widgets.appex */; settings = {ATTRIBUTES = (RemoveHeadersOnCopy, ); }; };
		1F28ABAF2F86DA4B00639A74 /* WidgetKit.framework in Frameworks */ = {isa = PBXBuildFile; fileRef = 1F28ABAE2F86DA4A00639A74 /* WidgetKit.framework */; };
		1F28ABB12F86DA4B00639A74 /* SwiftUI.framework in Frameworks */ = {isa = PBXBuildFile; fileRef = 1F28ABB02F86DA4B00639A74 /* SwiftUI.framework */; };
		1F28ABBE2F86DA4C00639A74 /* Codex Switcher Widgets.appex in Embed Foundation Extensions */ = {isa = PBXBuildFile; fileRef = 1F28ABAC2F86DA4A00639A74 /* Codex Switcher Widgets.appex */; settings = {ATTRIBUTES = (RemoveHeadersOnCopy, ); }; };
		1FA0357F2F8AF68400367DD6 /* Codex Switcher Watch App.app in Embed Watch Content */ = {isa = PBXBuildFile; fileRef = 1FA0355F2F8AF68300367DD6 /* Codex Switcher Watch App.app */; platformFilter = ios; settings = {ATTRIBUTES = (RemoveHeadersOnCopy, ); }; };
/* End PBXBuildFile section */

/* Begin PBXContainerItemProxy section */
		1F14133E2F8C7C940013386A /* PBXContainerItemProxy */ = {
			isa = PBXContainerItemProxy;
			containerPortal = 1F87C93F2F8406C7007DED25 /* Project object */;
			proxyType = 1;
			remoteGlobalIDString = 1F1413322F8C7C930013386A;
			remoteInfo = "Codex Switcher iOS WidgetsExtension";
		};
		1F28ABBC2F86DA4C00639A74 /* PBXContainerItemProxy */ = {
			isa = PBXContainerItemProxy;
			containerPortal = 1F87C93F2F8406C7007DED25 /* Project object */;
			proxyType = 1;
			remoteGlobalIDString = 1F28ABAB2F86DA4A00639A74;
			remoteInfo = "Codex Switcher WidgetsExtension";
		};
		1F87C9572F8406C9007DED25 /* PBXContainerItemProxy */ = {
			isa = PBXContainerItemProxy;
			containerPortal = 1F87C93F2F8406C7007DED25 /* Project object */;
			proxyType = 1;
			remoteGlobalIDString = 1F87C9462F8406C7007DED25;
			remoteInfo = "Codex Switcher";
		};
		1F87C9612F8406C9007DED25 /* PBXContainerItemProxy */ = {
			isa = PBXContainerItemProxy;
			containerPortal = 1F87C93F2F8406C7007DED25 /* Project object */;
			proxyType = 1;
			remoteGlobalIDString = 1F87C9462F8406C7007DED25;
			remoteInfo = "Codex Switcher";
		};
		1F96B5B72F89BF5200044DB7 /* PBXContainerItemProxy */ = {
			isa = PBXContainerItemProxy;
			containerPortal = 1F87C93F2F8406C7007DED25 /* Project object */;
			proxyType = 1;
			remoteGlobalIDString = 1F96B5A52F89BF5100044DB7;
			remoteInfo = "Codex Switcher iOS App";
		};
		1F96B5C12F89BF5200044DB7 /* PBXContainerItemProxy */ = {
			isa = PBXContainerItemProxy;
			containerPortal = 1F87C93F2F8406C7007DED25 /* Project object */;
			proxyType = 1;
			remoteGlobalIDString = 1F96B5A52F89BF5100044DB7;
			remoteInfo = "Codex Switcher iOS App";
		};
		1FA0356C2F8AF68400367DD6 /* PBXContainerItemProxy */ = {
			isa = PBXContainerItemProxy;
			containerPortal = 1F87C93F2F8406C7007DED25 /* Project object */;
			proxyType = 1;
			remoteGlobalIDString = 1FA0355E2F8AF68300367DD6;
			remoteInfo = "Codex Switcher Watch App Watch App";
		};
		1FA035762F8AF68400367DD6 /* PBXContainerItemProxy */ = {
			isa = PBXContainerItemProxy;
			containerPortal = 1F87C93F2F8406C7007DED25 /* Project object */;
			proxyType = 1;
			remoteGlobalIDString = 1FA0355E2F8AF68300367DD6;
			remoteInfo = "Codex Switcher Watch App Watch App";
		};
		1FA0357D2F8AF68400367DD6 /* PBXContainerItemProxy */ = {
			isa = PBXContainerItemProxy;
			containerPortal = 1F87C93F2F8406C7007DED25 /* Project object */;
			proxyType = 1;
			remoteGlobalIDString = 1FA0355E2F8AF68300367DD6;
			remoteInfo = "Codex Switcher Watch App Watch App";
		};
/* End PBXContainerItemProxy section */

/* Begin PBXCopyFilesBuildPhase section */
		1F28ABC32F86DA4C00639A74 /* Embed Foundation Extensions */ = {
			isa = PBXCopyFilesBuildPhase;
			buildActionMask = 2147483647;
			dstPath = "";
			dstSubfolderSpec = 13;
			files = (
				1F28ABBE2F86DA4C00639A74 /* Codex Switcher Widgets.appex in Embed Foundation Extensions */,
			);
			name = "Embed Foundation Extensions";
			runOnlyForDeploymentPostprocessing = 0;
		};
		1F2923042F8C123800BE19D2 /* Embed Foundation Extensions */ = {
			isa = PBXCopyFilesBuildPhase;
			buildActionMask = 2147483647;
			dstPath = "";
			dstSubfolderSpec = 13;
			files = (
				1F1413402F8C7C940013386A /* Codex Switcher iOS Widgets.appex in Embed Foundation Extensions */,
			);
			name = "Embed Foundation Extensions";
			runOnlyForDeploymentPostprocessing = 0;
		};
		1F29231B2F8C125A00BE19D2 /* Embed Foundation Extensions */ = {
			isa = PBXCopyFilesBuildPhase;
			buildActionMask = 2147483647;
			dstPath = "";
			dstSubfolderSpec = 13;
			files = (
			);
			name = "Embed Foundation Extensions";
			runOnlyForDeploymentPostprocessing = 0;
		};
		1FA035802F8AF68400367DD6 /* Embed Watch Content */ = {
			isa = PBXCopyFilesBuildPhase;
			buildActionMask = 2147483647;
			dstPath = "$(CONTENTS_FOLDER_PATH)/Watch";
			dstSubfolderSpec = 16;
			files = (
				1FA0357F2F8AF68400367DD6 /* Codex Switcher Watch App.app in Embed Watch Content */,
			);
			name = "Embed Watch Content";
			runOnlyForDeploymentPostprocessing = 0;
		};
/* End PBXCopyFilesBuildPhase section */

/* Begin PBXFileReference section */
		1F1413332F8C7C930013386A /* Codex Switcher iOS Widgets.appex */ = {isa = PBXFileReference; explicitFileType = "wrapper.app-extension"; includeInIndex = 0; path = "Codex Switcher iOS Widgets.appex"; sourceTree = BUILT_PRODUCTS_DIR; };
		1F28ABAC2F86DA4A00639A74 /* Codex Switcher Widgets.appex */ = {isa = PBXFileReference; explicitFileType = "wrapper.app-extension"; includeInIndex = 0; path = "Codex Switcher Widgets.appex"; sourceTree = BUILT_PRODUCTS_DIR; };
		1F28ABAE2F86DA4A00639A74 /* WidgetKit.framework */ = {isa = PBXFileReference; lastKnownFileType = wrapper.framework; name = WidgetKit.framework; path = System/Library/Frameworks/WidgetKit.framework; sourceTree = SDKROOT; };
		1F28ABB02F86DA4B00639A74 /* SwiftUI.framework */ = {isa = PBXFileReference; lastKnownFileType = wrapper.framework; name = SwiftUI.framework; path = System/Library/Frameworks/SwiftUI.framework; sourceTree = SDKROOT; };
		1F87C9472F8406C7007DED25 /* Codex Switcher.app */ = {isa = PBXFileReference; explicitFileType = wrapper.application; includeInIndex = 0; path = "Codex Switcher.app"; sourceTree = BUILT_PRODUCTS_DIR; };
		1F87C9562F8406C9007DED25 /* Codex Switcher Tests.xctest */ = {isa = PBXFileReference; explicitFileType = wrapper.cfbundle; includeInIndex = 0; path = "Codex Switcher Tests.xctest"; sourceTree = BUILT_PRODUCTS_DIR; };
		1F87C9602F8406C9007DED25 /* Codex Switcher UI Tests.xctest */ = {isa = PBXFileReference; explicitFileType = wrapper.cfbundle; includeInIndex = 0; path = "Codex Switcher UI Tests.xctest"; sourceTree = BUILT_PRODUCTS_DIR; };
		1F96B5A62F89BF5100044DB7 /* Codex Switcher iOS App.app */ = {isa = PBXFileReference; explicitFileType = wrapper.application; includeInIndex = 0; path = "Codex Switcher iOS App.app"; sourceTree = BUILT_PRODUCTS_DIR; };
		1F96B5B62F89BF5200044DB7 /* Codex Switcher iOS App Tests.xctest */ = {isa = PBXFileReference; explicitFileType = wrapper.cfbundle; includeInIndex = 0; path = "Codex Switcher iOS App Tests.xctest"; sourceTree = BUILT_PRODUCTS_DIR; };
		1F96B5C02F89BF5200044DB7 /* Codex Switcher iOS App UI Tests.xctest */ = {isa = PBXFileReference; explicitFileType = wrapper.cfbundle; includeInIndex = 0; path = "Codex Switcher iOS App UI Tests.xctest"; sourceTree = BUILT_PRODUCTS_DIR; };
		1FA0355F2F8AF68300367DD6 /* Codex Switcher Watch App.app */ = {isa = PBXFileReference; explicitFileType = wrapper.application; includeInIndex = 0; path = "Codex Switcher Watch App.app"; sourceTree = BUILT_PRODUCTS_DIR; };
		1FA0356B2F8AF68400367DD6 /* Codex Switcher Watch App Tests.xctest */ = {isa = PBXFileReference; explicitFileType = wrapper.cfbundle; includeInIndex = 0; path = "Codex Switcher Watch App Tests.xctest"; sourceTree = BUILT_PRODUCTS_DIR; };
		1FA035752F8AF68400367DD6 /* Codex Switcher Watch App UI Tests.xctest */ = {isa = PBXFileReference; explicitFileType = wrapper.cfbundle; includeInIndex = 0; path = "Codex Switcher Watch App UI Tests.xctest"; sourceTree = BUILT_PRODUCTS_DIR; };
/* End PBXFileReference section */

/* Begin PBXFileSystemSynchronizedBuildFileExceptionSet section */
		1F1413442F8C7C940013386A /* Exceptions for "Codex Switcher iOS Widgets" folder in "Codex Switcher iOS Widgets" target */ = {
			isa = PBXFileSystemSynchronizedBuildFileExceptionSet;
			membershipExceptions = (
				Info.plist,
			);
			target = 1F1413322F8C7C930013386A /* Codex Switcher iOS Widgets */;
		};
		1F28ABBF2F86DA4C00639A74 /* Exceptions for "Codex Switcher Widgets" folder in "Codex Switcher Widgets" target */ = {
			isa = PBXFileSystemSynchronizedBuildFileExceptionSet;
			membershipExceptions = (
				Info.plist,
			);
			target = 1F28ABAB2F86DA4A00639A74 /* Codex Switcher Widgets */;
		};
		1F96B5CE2F89BF5200044DB7 /* Exceptions for "Codex Switcher iOS App" folder in "Codex Switcher iOS App" target */ = {
			isa = PBXFileSystemSynchronizedBuildFileExceptionSet;
			membershipExceptions = (
				Info.plist,
			);
			target = 1F96B5A52F89BF5100044DB7 /* Codex Switcher iOS App */;
		};
		1F96B7502F89D34B00044DB7 /* Exceptions for "Codex Switcher" folder in "Codex Switcher iOS App" target */ = {
			isa = PBXFileSystemSynchronizedBuildFileExceptionSet;
			membershipExceptions = (
				AppIcon.icon,
			);
			target = 1F96B5A52F89BF5100044DB7 /* Codex Switcher iOS App */;
		};
		1FA0358B2F8AF7D600367DD6 /* Exceptions for "Codex Switcher" folder in "Codex Switcher Watch App" target */ = {
			isa = PBXFileSystemSynchronizedBuildFileExceptionSet;
			membershipExceptions = (
				AppIcon.icon,
			);
			target = 1FA0355E2F8AF68300367DD6 /* Codex Switcher Watch App */;
		};
		1FA700010001000100010001 /* Exceptions for "Shared" folder in "Codex Switcher" target */ = {
			isa = PBXFileSystemSynchronizedBuildFileExceptionSet;
			membershipExceptions = (
				CodexSharedSettingsIntents.swift,
				CodexSharedSwitchControlIntent.swift,
				CodexWidgetEntities.swift,
				CodexWidgetIntents.swift,
				WidgetSnapshotPublisher.swift,
			);
			target = 1F87C9462F8406C7007DED25 /* Codex Switcher */;
		};
		1FA700020002000200020002 /* Exceptions for "Shared" folder in "Codex Switcher iOS App" target */ = {
			isa = PBXFileSystemSynchronizedBuildFileExceptionSet;
			membershipExceptions = (
				CodexSharedSwitchControlIntent.swift,
				CodexWidgetEntities.swift,
				CodexWidgetIntents.swift,
			);
			target = 1F96B5A52F89BF5100044DB7 /* Codex Switcher iOS App */;
		};
		1FA700030003000300030003 /* Exceptions for "Shared" folder in "Codex Switcher Watch App" target */ = {
			isa = PBXFileSystemSynchronizedBuildFileExceptionSet;
			membershipExceptions = (
				CodexSharedAppIntents.swift,
				CodexSharedSettingsIntents.swift,
				CodexSharedSwitchControlIntent.swift,
				CodexWidgetEntities.swift,
				CodexWidgetIntents.swift,
			);
			target = 1FA0355E2F8AF68300367DD6 /* Codex Switcher Watch App */;
		};
		1FD673A72F8854A5000FB40D /* Exceptions for "Codex Switcher" folder in "Codex Switcher Widgets" target */ = {
			isa = PBXFileSystemSynchronizedBuildFileExceptionSet;
			membershipExceptions = (
				AppIcon.icon,
			);
			target = 1F28ABAB2F86DA4A00639A74 /* Codex Switcher Widgets */;
		};
		3D4E5F60718293A4B5C6D7E8 /* Exceptions for "Shared" folder in "Codex Switcher Widgets" target */ = {
			isa = PBXFileSystemSynchronizedBuildFileExceptionSet;
			membershipExceptions = (
				CodexSharedAppIntents.swift,
				CodexSharedSettingsIntents.swift,
				CodexSharedSwitchControlIntent.swift,
				WidgetSnapshotPublisher.swift,
			);
			target = 1F28ABAB2F86DA4A00639A74 /* Codex Switcher Widgets */;
		};
		8A2E8F932F9B120100123456 /* Exceptions for "Codex Switcher Watch App" folder in "Codex Switcher Watch App" target */ = {
			isa = PBXFileSystemSynchronizedBuildFileExceptionSet;
			membershipExceptions = (
				Info.plist,
			);
			target = 1FA0355E2F8AF68300367DD6 /* Codex Switcher Watch App */;
		};
/* End PBXFileSystemSynchronizedBuildFileExceptionSet section */

/* Begin PBXFileSystemSynchronizedRootGroup section */
		1F1413362F8C7C930013386A /* Codex Switcher iOS Widgets */ = {
			isa = PBXFileSystemSynchronizedRootGroup;
			exceptions = (
				1F1413442F8C7C940013386A /* Exceptions for "Codex Switcher iOS Widgets" folder in "Codex Switcher iOS Widgets" target */,
			);
			path = "Codex Switcher iOS Widgets";
			sourceTree = "<group>";
		};
		1F28ABB22F86DA4B00639A74 /* Codex Switcher Widgets */ = {
			isa = PBXFileSystemSynchronizedRootGroup;
			exceptions = (
				1F28ABBF2F86DA4C00639A74 /* Exceptions for "Codex Switcher Widgets" folder in "Codex Switcher Widgets" target */,
			);
			path = "Codex Switcher Widgets";
			sourceTree = "<group>";
		};
		1F87C9492F8406C7007DED25 /* Codex Switcher */ = {
			isa = PBXFileSystemSynchronizedRootGroup;
			exceptions = (
				1FD673A72F8854A5000FB40D /* Exceptions for "Codex Switcher" folder in "Codex Switcher Widgets" target */,
				1F96B7502F89D34B00044DB7 /* Exceptions for "Codex Switcher" folder in "Codex Switcher iOS App" target */,
				1FA0358B2F8AF7D600367DD6 /* Exceptions for "Codex Switcher" folder in "Codex Switcher Watch App" target */,
			);
			path = "Codex Switcher";
			sourceTree = "<group>";
		};
		1F87C9592F8406C9007DED25 /* Codex Switcher Tests */ = {
			isa = PBXFileSystemSynchronizedRootGroup;
			path = "Codex Switcher Tests";
			sourceTree = "<group>";
		};
		1F87C9632F8406C9007DED25 /* Codex Switcher UI Tests */ = {
			isa = PBXFileSystemSynchronizedRootGroup;
			path = "Codex Switcher UI Tests";
			sourceTree = "<group>";
		};
		1F96B5A72F89BF5100044DB7 /* Codex Switcher iOS App */ = {
			isa = PBXFileSystemSynchronizedRootGroup;
			exceptions = (
				1F96B5CE2F89BF5200044DB7 /* Exceptions for "Codex Switcher iOS App" folder in "Codex Switcher iOS App" target */,
			);
			path = "Codex Switcher iOS App";
			sourceTree = "<group>";
		};
		1F96B5B92F89BF5200044DB7 /* Codex Switcher iOS App Tests */ = {
			isa = PBXFileSystemSynchronizedRootGroup;
			path = "Codex Switcher iOS App Tests";
			sourceTree = "<group>";
		};
		1F96B5C32F89BF5200044DB7 /* Codex Switcher iOS App UI Tests */ = {
			isa = PBXFileSystemSynchronizedRootGroup;
			path = "Codex Switcher iOS App UI Tests";
			sourceTree = "<group>";
		};
		1FA035602F8AF68300367DD6 /* Codex Switcher Watch App */ = {
			isa = PBXFileSystemSynchronizedRootGroup;
			exceptions = (
				8A2E8F932F9B120100123456 /* Exceptions for "Codex Switcher Watch App" folder in "Codex Switcher Watch App" target */,
			);
			path = "Codex Switcher Watch App";
			sourceTree = "<group>";
		};
		1FA0356E2F8AF68400367DD6 /* Codex Switcher Watch App Tests */ = {
			isa = PBXFileSystemSynchronizedRootGroup;
			path = "Codex Switcher Watch App Tests";
			sourceTree = "<group>";
		};
		1FA035782F8AF68400367DD6 /* Codex Switcher Watch App UI Tests */ = {
			isa = PBXFileSystemSynchronizedRootGroup;
			path = "Codex Switcher Watch App UI Tests";
			sourceTree = "<group>";
		};
		5B2C4D6E7F8091A2B3C4D5E6 /* Shared Widgets */ = {
			isa = PBXFileSystemSynchronizedRootGroup;
			path = "Shared Widgets";
			sourceTree = "<group>";
		};
		6AE84D562BE14E0FA0856BF2 /* Shared Core */ = {
			isa = PBXFileSystemSynchronizedRootGroup;
			path = "Shared Core";
			sourceTree = "<group>";
		};
		7A1B2C3D4E5F60718293A4B5 /* Shared */ = {
			isa = PBXFileSystemSynchronizedRootGroup;
			exceptions = (
				1FA700010001000100010001 /* Exceptions for "Shared" folder in "Codex Switcher" target */,
				3D4E5F60718293A4B5C6D7E8 /* Exceptions for "Shared" folder in "Codex Switcher Widgets" target */,
				1FA700020002000200020002 /* Exceptions for "Shared" folder in "Codex Switcher iOS App" target */,
				1FA700030003000300030003 /* Exceptions for "Shared" folder in "Codex Switcher Watch App" target */,
			);
			path = Shared;
			sourceTree = "<group>";
		};
/* End PBXFileSystemSynchronizedRootGroup section */

/* Begin PBXFrameworksBuildPhase section */
		1F1413302F8C7C930013386A /* Frameworks */ = {
			isa = PBXFrameworksBuildPhase;
			buildActionMask = 2147483647;
			files = (
				1F1413352F8C7C930013386A /* SwiftUI.framework in Frameworks */,
				1F1413342F8C7C930013386A /* WidgetKit.framework in Frameworks */,
			);
			runOnlyForDeploymentPostprocessing = 0;
		};
		1F28ABA92F86DA4A00639A74 /* Frameworks */ = {
			isa = PBXFrameworksBuildPhase;
			buildActionMask = 2147483647;
			files = (
				1F28ABB12F86DA4B00639A74 /* SwiftUI.framework in Frameworks */,
				1F28ABAF2F86DA4B00639A74 /* WidgetKit.framework in Frameworks */,
			);
			runOnlyForDeploymentPostprocessing = 0;
		};
		1F87C9442F8406C7007DED25 /* Frameworks */ = {
			isa = PBXFrameworksBuildPhase;
			buildActionMask = 2147483647;
			files = (
			);
			runOnlyForDeploymentPostprocessing = 0;
		};
		1F87C9532F8406C9007DED25 /* Frameworks */ = {
			isa = PBXFrameworksBuildPhase;
			buildActionMask = 2147483647;
			files = (
			);
			runOnlyForDeploymentPostprocessing = 0;
		};
		1F87C95D2F8406C9007DED25 /* Frameworks */ = {
			isa = PBXFrameworksBuildPhase;
			buildActionMask = 2147483647;
			files = (
			);
			runOnlyForDeploymentPostprocessing = 0;
		};
		1F96B5A32F89BF5100044DB7 /* Frameworks */ = {
			isa = PBXFrameworksBuildPhase;
			buildActionMask = 2147483647;
			files = (
			);
			runOnlyForDeploymentPostprocessing = 0;
		};
		1F96B5B32F89BF5200044DB7 /* Frameworks */ = {
			isa = PBXFrameworksBuildPhase;
			buildActionMask = 2147483647;
			files = (
			);
			runOnlyForDeploymentPostprocessing = 0;
		};
		1F96B5BD2F89BF5200044DB7 /* Frameworks */ = {
			isa = PBXFrameworksBuildPhase;
			buildActionMask = 2147483647;
			files = (
			);
			runOnlyForDeploymentPostprocessing = 0;
		};
		1FA0355C2F8AF68300367DD6 /* Frameworks */ = {
			isa = PBXFrameworksBuildPhase;
			buildActionMask = 2147483647;
			files = (
			);
			runOnlyForDeploymentPostprocessing = 0;
		};
		1FA035682F8AF68400367DD6 /* Frameworks */ = {
			isa = PBXFrameworksBuildPhase;
			buildActionMask = 2147483647;
			files = (
			);
			runOnlyForDeploymentPostprocessing = 0;
		};
		1FA035722F8AF68400367DD6 /* Frameworks */ = {
			isa = PBXFrameworksBuildPhase;
			buildActionMask = 2147483647;
			files = (
			);
			runOnlyForDeploymentPostprocessing = 0;
		};
/* End PBXFrameworksBuildPhase section */

/* Begin PBXGroup section */
		1F28ABAD2F86DA4A00639A74 /* Frameworks */ = {
			isa = PBXGroup;
			children = (
				1F28ABAE2F86DA4A00639A74 /* WidgetKit.framework */,
				1F28ABB02F86DA4B00639A74 /* SwiftUI.framework */,
			);
			name = Frameworks;
			sourceTree = "<group>";
		};
		1F87C93E2F8406C7007DED25 = {
			isa = PBXGroup;
			children = (
				1F87C9492F8406C7007DED25 /* Codex Switcher */,
				6AE84D562BE14E0FA0856BF2 /* Shared Core */,
				7A1B2C3D4E5F60718293A4B5 /* Shared */,
				1F87C9592F8406C9007DED25 /* Codex Switcher Tests */,
				1F87C9632F8406C9007DED25 /* Codex Switcher UI Tests */,
				1F28ABB22F86DA4B00639A74 /* Codex Switcher Widgets */,
				1F96B5A72F89BF5100044DB7 /* Codex Switcher iOS App */,
				1F96B5B92F89BF5200044DB7 /* Codex Switcher iOS App Tests */,
				1F96B5C32F89BF5200044DB7 /* Codex Switcher iOS App UI Tests */,
				1FA035602F8AF68300367DD6 /* Codex Switcher Watch App */,
				1FA0356E2F8AF68400367DD6 /* Codex Switcher Watch App Tests */,
				1FA035782F8AF68400367DD6 /* Codex Switcher Watch App UI Tests */,
				5B2C4D6E7F8091A2B3C4D5E6 /* Shared Widgets */,
				1F1413362F8C7C930013386A /* Codex Switcher iOS Widgets */,
				1F28ABAD2F86DA4A00639A74 /* Frameworks */,
				1F87C9482F8406C7007DED25 /* Products */,
			);
			sourceTree = "<group>";
		};
		1F87C9482F8406C7007DED25 /* Products */ = {
			isa = PBXGroup;
			children = (
				1F87C9472F8406C7007DED25 /* Codex Switcher.app */,
				1F87C9562F8406C9007DED25 /* Codex Switcher Tests.xctest */,
				1F87C9602F8406C9007DED25 /* Codex Switcher UI Tests.xctest */,
				1F28ABAC2F86DA4A00639A74 /* Codex Switcher Widgets.appex */,
				1F96B5A62F89BF5100044DB7 /* Codex Switcher iOS App.app */,
				1F96B5B62F89BF5200044DB7 /* Codex Switcher iOS App Tests.xctest */,
				1F96B5C02F89BF5200044DB7 /* Codex Switcher iOS App UI Tests.xctest */,
				1FA0355F2F8AF68300367DD6 /* Codex Switcher Watch App.app */,
				1FA0356B2F8AF68400367DD6 /* Codex Switcher Watch App Tests.xctest */,
				1FA035752F8AF68400367DD6 /* Codex Switcher Watch App UI Tests.xctest */,
				1F1413332F8C7C930013386A /* Codex Switcher iOS Widgets.appex */,
			);
			name = Products;
			sourceTree = "<group>";
		};
/* End PBXGroup section */

/* Begin PBXNativeTarget section */
		1F1413322F8C7C930013386A /* Codex Switcher iOS Widgets */ = {
			isa = PBXNativeTarget;
			buildConfigurationList = 1F1413412F8C7C940013386A /* Build configuration list for PBXNativeTarget "Codex Switcher iOS Widgets" */;
			buildPhases = (
				1F14132F2F8C7C930013386A /* Sources */,
				1F1413302F8C7C930013386A /* Frameworks */,
				1F1413312F8C7C930013386A /* Resources */,
			);
			buildRules = (
			);
			dependencies = (
			);
			fileSystemSynchronizedGroups = (
				1F1413362F8C7C930013386A /* Codex Switcher iOS Widgets */,
			);
			name = "Codex Switcher iOS Widgets";
			packageProductDependencies = (
			);
			productName = "Codex Switcher iOS WidgetsExtension";
			productReference = 1F1413332F8C7C930013386A /* Codex Switcher iOS Widgets.appex */;
			productType = "com.apple.product-type.app-extension";
		};
		1F28ABAB2F86DA4A00639A74 /* Codex Switcher Widgets */ = {
			isa = PBXNativeTarget;
			buildConfigurationList = 1F28ABC02F86DA4C00639A74 /* Build configuration list for PBXNativeTarget "Codex Switcher Widgets" */;
			buildPhases = (
				1F28ABA82F86DA4A00639A74 /* Sources */,
				1F28ABA92F86DA4A00639A74 /* Frameworks */,
				1F28ABAA2F86DA4A00639A74 /* Resources */,
			);
			buildRules = (
			);
			dependencies = (
			);
			fileSystemSynchronizedGroups = (
				1F28ABB22F86DA4B00639A74 /* Codex Switcher Widgets */,
				5B2C4D6E7F8091A2B3C4D5E6 /* Shared Widgets */,
				6AE84D562BE14E0FA0856BF2 /* Shared Core */,
				7A1B2C3D4E5F60718293A4B5 /* Shared */,
			);
			name = "Codex Switcher Widgets";
			packageProductDependencies = (
			);
			productName = "Codex Switcher WidgetsExtension";
			productReference = 1F28ABAC2F86DA4A00639A74 /* Codex Switcher Widgets.appex */;
			productType = "com.apple.product-type.app-extension";
		};
		1F87C9462F8406C7007DED25 /* Codex Switcher */ = {
			isa = PBXNativeTarget;
			buildConfigurationList = 1F87C96A2F8406C9007DED25 /* Build configuration list for PBXNativeTarget "Codex Switcher" */;
			buildPhases = (
				1F87C9432F8406C7007DED25 /* Sources */,
				1F87C9442F8406C7007DED25 /* Frameworks */,
				1F87C9452F8406C7007DED25 /* Resources */,
				1F28ABC32F86DA4C00639A74 /* Embed Foundation Extensions */,
				1FA035802F8AF68400367DD6 /* Embed Watch Content */,
			);
			buildRules = (
			);
			dependencies = (
				1F28ABBD2F86DA4C00639A74 /* PBXTargetDependency */,
				1FA0357E2F8AF68400367DD6 /* PBXTargetDependency */,
			);
			fileSystemSynchronizedGroups = (
				1F87C9492F8406C7007DED25 /* Codex Switcher */,
				6AE84D562BE14E0FA0856BF2 /* Shared Core */,
				7A1B2C3D4E5F60718293A4B5 /* Shared */,
			);
			name = "Codex Switcher";
			packageProductDependencies = (
			);
			productName = "Codex Switcher";
			productReference = 1F87C9472F8406C7007DED25 /* Codex Switcher.app */;
			productType = "com.apple.product-type.application";
		};
		1F87C9552F8406C9007DED25 /* Codex Switcher Tests */ = {
			isa = PBXNativeTarget;
			buildConfigurationList = 1F87C96D2F8406C9007DED25 /* Build configuration list for PBXNativeTarget "Codex Switcher Tests" */;
			buildPhases = (
				1F87C9522F8406C9007DED25 /* Sources */,
				1F87C9532F8406C9007DED25 /* Frameworks */,
				1F87C9542F8406C9007DED25 /* Resources */,
			);
			buildRules = (
			);
			dependencies = (
				1F87C9582F8406C9007DED25 /* PBXTargetDependency */,
			);
			fileSystemSynchronizedGroups = (
				1F87C9592F8406C9007DED25 /* Codex Switcher Tests */,
			);
			name = "Codex Switcher Tests";
			packageProductDependencies = (
			);
			productName = "Codex SwitcherTests";
			productReference = 1F87C9562F8406C9007DED25 /* Codex Switcher Tests.xctest */;
			productType = "com.apple.product-type.bundle.unit-test";
		};
		1F87C95F2F8406C9007DED25 /* Codex Switcher UI Tests */ = {
			isa = PBXNativeTarget;
			buildConfigurationList = 1F87C9702F8406C9007DED25 /* Build configuration list for PBXNativeTarget "Codex Switcher UI Tests" */;
			buildPhases = (
				1F87C95C2F8406C9007DED25 /* Sources */,
				1F87C95D2F8406C9007DED25 /* Frameworks */,
				1F87C95E2F8406C9007DED25 /* Resources */,
			);
			buildRules = (
			);
			dependencies = (
				1F87C9622F8406C9007DED25 /* PBXTargetDependency */,
			);
			fileSystemSynchronizedGroups = (
				1F87C9632F8406C9007DED25 /* Codex Switcher UI Tests */,
			);
			name = "Codex Switcher UI Tests";
			packageProductDependencies = (
			);
			productName = "Codex SwitcherUITests";
			productReference = 1F87C9602F8406C9007DED25 /* Codex Switcher UI Tests.xctest */;
			productType = "com.apple.product-type.bundle.ui-testing";
		};
		1F96B5A52F89BF5100044DB7 /* Codex Switcher iOS App */ = {
			isa = PBXNativeTarget;
			buildConfigurationList = 1F96B5CF2F89BF5200044DB7 /* Build configuration list for PBXNativeTarget "Codex Switcher iOS App" */;
			buildPhases = (
				1F96B5A22F89BF5100044DB7 /* Sources */,
				1F96B5A32F89BF5100044DB7 /* Frameworks */,
				1F96B5A42F89BF5100044DB7 /* Resources */,
				1F2923042F8C123800BE19D2 /* Embed Foundation Extensions */,
			);
			buildRules = (
			);
			dependencies = (
				1F14133F2F8C7C940013386A /* PBXTargetDependency */,
			);
			fileSystemSynchronizedGroups = (
				1F96B5A72F89BF5100044DB7 /* Codex Switcher iOS App */,
				6AE84D562BE14E0FA0856BF2 /* Shared Core */,
				7A1B2C3D4E5F60718293A4B5 /* Shared */,
			);
			name = "Codex Switcher iOS App";
			packageProductDependencies = (
			);
			productName = "Codex Switcher iOS App";
			productReference = 1F96B5A62F89BF5100044DB7 /* Codex Switcher iOS App.app */;
			productType = "com.apple.product-type.application";
		};
		1F96B5B52F89BF5200044DB7 /* Codex Switcher iOS App Tests */ = {
			isa = PBXNativeTarget;
			buildConfigurationList = 1F96B5D02F89BF5200044DB7 /* Build configuration list for PBXNativeTarget "Codex Switcher iOS App Tests" */;
			buildPhases = (
				1F96B5B22F89BF5200044DB7 /* Sources */,
				1F96B5B32F89BF5200044DB7 /* Frameworks */,
				1F96B5B42F89BF5200044DB7 /* Resources */,
			);
			buildRules = (
			);
			dependencies = (
				1F96B5B82F89BF5200044DB7 /* PBXTargetDependency */,
			);
			fileSystemSynchronizedGroups = (
				1F96B5B92F89BF5200044DB7 /* Codex Switcher iOS App Tests */,
			);
			name = "Codex Switcher iOS App Tests";
			packageProductDependencies = (
			);
			productName = "Codex Switcher iOS AppTests";
			productReference = 1F96B5B62F89BF5200044DB7 /* Codex Switcher iOS App Tests.xctest */;
			productType = "com.apple.product-type.bundle.unit-test";
		};
		1F96B5BF2F89BF5200044DB7 /* Codex Switcher iOS App UI Tests */ = {
			isa = PBXNativeTarget;
			buildConfigurationList = 1F96B5D12F89BF5200044DB7 /* Build configuration list for PBXNativeTarget "Codex Switcher iOS App UI Tests" */;
			buildPhases = (
				1F96B5BC2F89BF5200044DB7 /* Sources */,
				1F96B5BD2F89BF5200044DB7 /* Frameworks */,
				1F96B5BE2F89BF5200044DB7 /* Resources */,
			);
			buildRules = (
			);
			dependencies = (
				1F96B5C22F89BF5200044DB7 /* PBXTargetDependency */,
			);
			fileSystemSynchronizedGroups = (
				1F96B5C32F89BF5200044DB7 /* Codex Switcher iOS App UI Tests */,
			);
			name = "Codex Switcher iOS App UI Tests";
			packageProductDependencies = (
			);
			productName = "Codex Switcher iOS AppUITests";
			productReference = 1F96B5C02F89BF5200044DB7 /* Codex Switcher iOS App UI Tests.xctest */;
			productType = "com.apple.product-type.bundle.ui-testing";
		};
		1FA0355E2F8AF68300367DD6 /* Codex Switcher Watch App */ = {
			isa = PBXNativeTarget;
			buildConfigurationList = 1FA035872F8AF68400367DD6 /* Build configuration list for PBXNativeTarget "Codex Switcher Watch App" */;
			buildPhases = (
				1FA0355B2F8AF68300367DD6 /* Sources */,
				1FA0355C2F8AF68300367DD6 /* Frameworks */,
				1FA0355D2F8AF68300367DD6 /* Resources */,
				1F29231B2F8C125A00BE19D2 /* Embed Foundation Extensions */,
			);
			buildRules = (
			);
			dependencies = (
			);
			fileSystemSynchronizedGroups = (
				1FA035602F8AF68300367DD6 /* Codex Switcher Watch App */,
				6AE84D562BE14E0FA0856BF2 /* Shared Core */,
				7A1B2C3D4E5F60718293A4B5 /* Shared */,
			);
			name = "Codex Switcher Watch App";
			packageProductDependencies = (
			);
			productName = "Codex Switcher Watch App Watch App";
			productReference = 1FA0355F2F8AF68300367DD6 /* Codex Switcher Watch App.app */;
			productType = "com.apple.product-type.application";
		};
		1FA0356A2F8AF68400367DD6 /* Codex Switcher Watch App Tests */ = {
			isa = PBXNativeTarget;
			buildConfigurationList = 1FA035882F8AF68400367DD6 /* Build configuration list for PBXNativeTarget "Codex Switcher Watch App Tests" */;
			buildPhases = (
				1FA035672F8AF68400367DD6 /* Sources */,
				1FA035682F8AF68400367DD6 /* Frameworks */,
				1FA035692F8AF68400367DD6 /* Resources */,
			);
			buildRules = (
			);
			dependencies = (
				1FA0356D2F8AF68400367DD6 /* PBXTargetDependency */,
			);
			fileSystemSynchronizedGroups = (
				1FA0356E2F8AF68400367DD6 /* Codex Switcher Watch App Tests */,
			);
			name = "Codex Switcher Watch App Tests";
			packageProductDependencies = (
			);
			productName = "Codex Switcher Watch App Watch AppTests";
			productReference = 1FA0356B2F8AF68400367DD6 /* Codex Switcher Watch App Tests.xctest */;
			productType = "com.apple.product-type.bundle.unit-test";
		};
		1FA035742F8AF68400367DD6 /* Codex Switcher Watch App UI Tests */ = {
			isa = PBXNativeTarget;
			buildConfigurationList = 1FA035892F8AF68400367DD6 /* Build configuration list for PBXNativeTarget "Codex Switcher Watch App UI Tests" */;
			buildPhases = (
				1FA035712F8AF68400367DD6 /* Sources */,
				1FA035722F8AF68400367DD6 /* Frameworks */,
				1FA035732F8AF68400367DD6 /* Resources */,
			);
			buildRules = (
			);
			dependencies = (
				1FA035772F8AF68400367DD6 /* PBXTargetDependency */,
			);
			fileSystemSynchronizedGroups = (
				1FA035782F8AF68400367DD6 /* Codex Switcher Watch App UI Tests */,
			);
			name = "Codex Switcher Watch App UI Tests";
			packageProductDependencies = (
			);
			productName = "Codex Switcher Watch App Watch AppUITests";
			productReference = 1FA035752F8AF68400367DD6 /* Codex Switcher Watch App UI Tests.xctest */;
			productType = "com.apple.product-type.bundle.ui-testing";
		};
/* End PBXNativeTarget section */

/* Begin PBXProject section */
		1F87C93F2F8406C7007DED25 /* Project object */ = {
			isa = PBXProject;
			attributes = {
				BuildIndependentTargetsInParallel = 1;
				LastSwiftUpdateCheck = 2640;
				LastUpgradeCheck = 2640;
				TargetAttributes = {
					1F1413322F8C7C930013386A = {
						CreatedOnToolsVersion = 26.4;
					};
					1F28ABAB2F86DA4A00639A74 = {
						CreatedOnToolsVersion = 26.4;
					};
					1F87C9462F8406C7007DED25 = {
						CreatedOnToolsVersion = 26.4;
					};
					1F87C9552F8406C9007DED25 = {
						CreatedOnToolsVersion = 26.4;
						TestTargetID = 1F87C9462F8406C7007DED25;
					};
					1F87C95F2F8406C9007DED25 = {
						CreatedOnToolsVersion = 26.4;
						TestTargetID = 1F87C9462F8406C7007DED25;
					};
					1F96B5A52F89BF5100044DB7 = {
						CreatedOnToolsVersion = 26.4;
					};
					1F96B5B52F89BF5200044DB7 = {
						CreatedOnToolsVersion = 26.4;
						TestTargetID = 1F96B5A52F89BF5100044DB7;
					};
					1F96B5BF2F89BF5200044DB7 = {
						CreatedOnToolsVersion = 26.4;
						TestTargetID = 1F96B5A52F89BF5100044DB7;
					};
					1FA0355E2F8AF68300367DD6 = {
						CreatedOnToolsVersion = 26.4;
					};
					1FA0356A2F8AF68400367DD6 = {
						CreatedOnToolsVersion = 26.4;
						TestTargetID = 1FA0355E2F8AF68300367DD6;
					};
					1FA035742F8AF68400367DD6 = {
						CreatedOnToolsVersion = 26.4;
						TestTargetID = 1FA0355E2F8AF68300367DD6;
					};
				};
			};
			buildConfigurationList = 1F87C9422F8406C7007DED25 /* Build configuration list for PBXProject "Codex Switcher" */;
			developmentRegion = en;
			hasScannedForEncodings = 0;
			knownRegions = (
				en,
				Base,
			);
			mainGroup = 1F87C93E2F8406C7007DED25;
			minimizedProjectReferenceProxies = 1;
			preferredProjectObjectVersion = 77;
			productRefGroup = 1F87C9482F8406C7007DED25 /* Products */;
			projectDirPath = "";
			projectRoot = "";
			targets = (
				1F87C9462F8406C7007DED25 /* Codex Switcher */,
				1F87C9552F8406C9007DED25 /* Codex Switcher Tests */,
				1F87C95F2F8406C9007DED25 /* Codex Switcher UI Tests */,
				1F28ABAB2F86DA4A00639A74 /* Codex Switcher Widgets */,
				1F96B5A52F89BF5100044DB7 /* Codex Switcher iOS App */,
				1F96B5B52F89BF5200044DB7 /* Codex Switcher iOS App Tests */,
				1F96B5BF2F89BF5200044DB7 /* Codex Switcher iOS App UI Tests */,
				1FA0355E2F8AF68300367DD6 /* Codex Switcher Watch App */,
				1FA0356A2F8AF68400367DD6 /* Codex Switcher Watch App Tests */,
				1FA035742F8AF68400367DD6 /* Codex Switcher Watch App UI Tests */,
				1F1413322F8C7C930013386A /* Codex Switcher iOS Widgets */,
			);
		};
/* End PBXProject section */

/* Begin PBXResourcesBuildPhase section */
		1F1413312F8C7C930013386A /* Resources */ = {
			isa = PBXResourcesBuildPhase;
			buildActionMask = 2147483647;
			files = (
			);
			runOnlyForDeploymentPostprocessing = 0;
		};
		1F28ABAA2F86DA4A00639A74 /* Resources */ = {
			isa = PBXResourcesBuildPhase;
			buildActionMask = 2147483647;
			files = (
			);
			runOnlyForDeploymentPostprocessing = 0;
		};
		1F87C9452F8406C7007DED25 /* Resources */ = {
			isa = PBXResourcesBuildPhase;
			buildActionMask = 2147483647;
			files = (
			);
			runOnlyForDeploymentPostprocessing = 0;
		};
		1F87C9542F8406C9007DED25 /* Resources */ = {
			isa = PBXResourcesBuildPhase;
			buildActionMask = 2147483647;
			files = (
			);
			runOnlyForDeploymentPostprocessing = 0;
		};
		1F87C95E2F8406C9007DED25 /* Resources */ = {
			isa = PBXResourcesBuildPhase;
			buildActionMask = 2147483647;
			files = (
			);
			runOnlyForDeploymentPostprocessing = 0;
		};
		1F96B5A42F89BF5100044DB7 /* Resources */ = {
			isa = PBXResourcesBuildPhase;
			buildActionMask = 2147483647;
			files = (
			);
			runOnlyForDeploymentPostprocessing = 0;
		};
		1F96B5B42F89BF5200044DB7 /* Resources */ = {
			isa = PBXResourcesBuildPhase;
			buildActionMask = 2147483647;
			files = (
			);
			runOnlyForDeploymentPostprocessing = 0;
		};
		1F96B5BE2F89BF5200044DB7 /* Resources */ = {
			isa = PBXResourcesBuildPhase;
			buildActionMask = 2147483647;
			files = (
			);
			runOnlyForDeploymentPostprocessing = 0;
		};
		1FA0355D2F8AF68300367DD6 /* Resources */ = {
			isa = PBXResourcesBuildPhase;
			buildActionMask = 2147483647;
			files = (
			);
			runOnlyForDeploymentPostprocessing = 0;
		};
		1FA035692F8AF68400367DD6 /* Resources */ = {
			isa = PBXResourcesBuildPhase;
			buildActionMask = 2147483647;
			files = (
			);
			runOnlyForDeploymentPostprocessing = 0;
		};
		1FA035732F8AF68400367DD6 /* Resources */ = {
			isa = PBXResourcesBuildPhase;
			buildActionMask = 2147483647;
			files = (
			);
			runOnlyForDeploymentPostprocessing = 0;
		};
/* End PBXResourcesBuildPhase section */

/* Begin PBXSourcesBuildPhase section */
		1F14132F2F8C7C930013386A /* Sources */ = {
			isa = PBXSourcesBuildPhase;
			buildActionMask = 2147483647;
			files = (
			);
			runOnlyForDeploymentPostprocessing = 0;
		};
		1F28ABA82F86DA4A00639A74 /* Sources */ = {
			isa = PBXSourcesBuildPhase;
			buildActionMask = 2147483647;
			files = (
			);
			runOnlyForDeploymentPostprocessing = 0;
		};
		1F87C9432F8406C7007DED25 /* Sources */ = {
			isa = PBXSourcesBuildPhase;
			buildActionMask = 2147483647;
			files = (
			);
			runOnlyForDeploymentPostprocessing = 0;
		};
		1F87C9522F8406C9007DED25 /* Sources */ = {
			isa = PBXSourcesBuildPhase;
			buildActionMask = 2147483647;
			files = (
			);
			runOnlyForDeploymentPostprocessing = 0;
		};
		1F87C95C2F8406C9007DED25 /* Sources */ = {
			isa = PBXSourcesBuildPhase;
			buildActionMask = 2147483647;
			files = (
			);
			runOnlyForDeploymentPostprocessing = 0;
		};
		1F96B5A22F89BF5100044DB7 /* Sources */ = {
			isa = PBXSourcesBuildPhase;
			buildActionMask = 2147483647;
			files = (
			);
			runOnlyForDeploymentPostprocessing = 0;
		};
		1F96B5B22F89BF5200044DB7 /* Sources */ = {
			isa = PBXSourcesBuildPhase;
			buildActionMask = 2147483647;
			files = (
			);
			runOnlyForDeploymentPostprocessing = 0;
		};
		1F96B5BC2F89BF5200044DB7 /* Sources */ = {
			isa = PBXSourcesBuildPhase;
			buildActionMask = 2147483647;
			files = (
			);
			runOnlyForDeploymentPostprocessing = 0;
		};
		1FA0355B2F8AF68300367DD6 /* Sources */ = {
			isa = PBXSourcesBuildPhase;
			buildActionMask = 2147483647;
			files = (
			);
			runOnlyForDeploymentPostprocessing = 0;
		};
		1FA035672F8AF68400367DD6 /* Sources */ = {
			isa = PBXSourcesBuildPhase;
			buildActionMask = 2147483647;
			files = (
			);
			runOnlyForDeploymentPostprocessing = 0;
		};
		1FA035712F8AF68400367DD6 /* Sources */ = {
			isa = PBXSourcesBuildPhase;
			buildActionMask = 2147483647;
			files = (
			);
			runOnlyForDeploymentPostprocessing = 0;
		};
/* End PBXSourcesBuildPhase section */

/* Begin PBXTargetDependency section */
		1F14133F2F8C7C940013386A /* PBXTargetDependency */ = {
			isa = PBXTargetDependency;
			target = 1F1413322F8C7C930013386A /* Codex Switcher iOS Widgets */;
			targetProxy = 1F14133E2F8C7C940013386A /* PBXContainerItemProxy */;
		};
		1F28ABBD2F86DA4C00639A74 /* PBXTargetDependency */ = {
			isa = PBXTargetDependency;
			target = 1F28ABAB2F86DA4A00639A74 /* Codex Switcher Widgets */;
			targetProxy = 1F28ABBC2F86DA4C00639A74 /* PBXContainerItemProxy */;
		};
		1F87C9582F8406C9007DED25 /* PBXTargetDependency */ = {
			isa = PBXTargetDependency;
			target = 1F87C9462F8406C7007DED25 /* Codex Switcher */;
			targetProxy = 1F87C9572F8406C9007DED25 /* PBXContainerItemProxy */;
		};
		1F87C9622F8406C9007DED25 /* PBXTargetDependency */ = {
			isa = PBXTargetDependency;
			target = 1F87C9462F8406C7007DED25 /* Codex Switcher */;
			targetProxy = 1F87C9612F8406C9007DED25 /* PBXContainerItemProxy */;
		};
		1F96B5B82F89BF5200044DB7 /* PBXTargetDependency */ = {
			isa = PBXTargetDependency;
			target = 1F96B5A52F89BF5100044DB7 /* Codex Switcher iOS App */;
			targetProxy = 1F96B5B72F89BF5200044DB7 /* PBXContainerItemProxy */;
		};
		1F96B5C22F89BF5200044DB7 /* PBXTargetDependency */ = {
			isa = PBXTargetDependency;
			target = 1F96B5A52F89BF5100044DB7 /* Codex Switcher iOS App */;
			targetProxy = 1F96B5C12F89BF5200044DB7 /* PBXContainerItemProxy */;
		};
		1FA0356D2F8AF68400367DD6 /* PBXTargetDependency */ = {
			isa = PBXTargetDependency;
			target = 1FA0355E2F8AF68300367DD6 /* Codex Switcher Watch App */;
			targetProxy = 1FA0356C2F8AF68400367DD6 /* PBXContainerItemProxy */;
		};
		1FA035772F8AF68400367DD6 /* PBXTargetDependency */ = {
			isa = PBXTargetDependency;
			target = 1FA0355E2F8AF68300367DD6 /* Codex Switcher Watch App */;
			targetProxy = 1FA035762F8AF68400367DD6 /* PBXContainerItemProxy */;
		};
		1FA0357E2F8AF68400367DD6 /* PBXTargetDependency */ = {
			isa = PBXTargetDependency;
			platformFilter = ios;
			target = 1FA0355E2F8AF68300367DD6 /* Codex Switcher Watch App */;
			targetProxy = 1FA0357D2F8AF68400367DD6 /* PBXContainerItemProxy */;
		};
/* End PBXTargetDependency section */

/* Begin XCBuildConfiguration section */
		1F1413422F8C7C940013386A /* Debug */ = {
			isa = XCBuildConfiguration;
			buildSettings = {
				ASSETCATALOG_COMPILER_GLOBAL_ACCENT_COLOR_NAME = AccentColor;
				ASSETCATALOG_COMPILER_WIDGET_BACKGROUND_COLOR_NAME = WidgetBackground;
				CODE_SIGN_STYLE = Automatic;
				CURRENT_PROJECT_VERSION = 1;
				DEVELOPMENT_TEAM = YN958LW8P7;
				GENERATE_INFOPLIST_FILE = YES;
				INFOPLIST_FILE = "Codex Switcher iOS Widgets/Info.plist";
				INFOPLIST_KEY_CFBundleDisplayName = "Codex Switcher iOS Widgets";
				INFOPLIST_KEY_NSHumanReadableCopyright = "";
				IPHONEOS_DEPLOYMENT_TARGET = 26.4;
				LD_RUNPATH_SEARCH_PATHS = (
					"$(inherited)",
					"@executable_path/Frameworks",
					"@executable_path/../../Frameworks",
				);
				MARKETING_VERSION = 1.0;
				PRODUCT_BUNDLE_IDENTIFIER = com.marcel2215.codexswitcher.widgets;
				PRODUCT_NAME = "$(TARGET_NAME)";
				SDKROOT = iphoneos;
				SKIP_INSTALL = YES;
				STRING_CATALOG_GENERATE_SYMBOLS = YES;
				SWIFT_APPROACHABLE_CONCURRENCY = YES;
				SWIFT_EMIT_LOC_STRINGS = YES;
				SWIFT_UPCOMING_FEATURE_MEMBER_IMPORT_VISIBILITY = YES;
				SWIFT_VERSION = 5.0;
				TARGETED_DEVICE_FAMILY = "1,2";
			};
			name = Debug;
		};
		1F1413432F8C7C940013386A /* Release */ = {
			isa = XCBuildConfiguration;
			buildSettings = {
				ASSETCATALOG_COMPILER_GLOBAL_ACCENT_COLOR_NAME = AccentColor;
				ASSETCATALOG_COMPILER_WIDGET_BACKGROUND_COLOR_NAME = WidgetBackground;
				CODE_SIGN_STYLE = Automatic;
				CURRENT_PROJECT_VERSION = 1;
				DEVELOPMENT_TEAM = YN958LW8P7;
				GENERATE_INFOPLIST_FILE = YES;
				INFOPLIST_FILE = "Codex Switcher iOS Widgets/Info.plist";
				INFOPLIST_KEY_CFBundleDisplayName = "Codex Switcher iOS Widgets";
				INFOPLIST_KEY_NSHumanReadableCopyright = "";
				IPHONEOS_DEPLOYMENT_TARGET = 26.4;
				LD_RUNPATH_SEARCH_PATHS = (
					"$(inherited)",
					"@executable_path/Frameworks",
					"@executable_path/../../Frameworks",
				);
				MARKETING_VERSION = 1.0;
				PRODUCT_BUNDLE_IDENTIFIER = com.marcel2215.codexswitcher.widgets;
				PRODUCT_NAME = "$(TARGET_NAME)";
				SDKROOT = iphoneos;
				SKIP_INSTALL = YES;
				STRING_CATALOG_GENERATE_SYMBOLS = YES;
				SWIFT_APPROACHABLE_CONCURRENCY = YES;
				SWIFT_EMIT_LOC_STRINGS = YES;
				SWIFT_UPCOMING_FEATURE_MEMBER_IMPORT_VISIBILITY = YES;
				SWIFT_VERSION = 5.0;
				TARGETED_DEVICE_FAMILY = "1,2";
				VALIDATE_PRODUCT = YES;
			};
			name = Release;
		};
		1F28ABC12F86DA4C00639A74 /* Debug */ = {
			isa = XCBuildConfiguration;
			buildSettings = {
				ASSETCATALOG_COMPILER_APPICON_NAME = AppIcon;
				ASSETCATALOG_COMPILER_GLOBAL_ACCENT_COLOR_NAME = AccentColor;
				ASSETCATALOG_COMPILER_WIDGET_BACKGROUND_COLOR_NAME = WidgetBackground;
				CODE_SIGN_ENTITLEMENTS = "Codex Switcher Widgets/Codex Switcher Widgets.entitlements";
				CODE_SIGN_IDENTITY = "Apple Development";
				CODE_SIGN_STYLE = Automatic;
				CURRENT_PROJECT_VERSION = 1;
				DEVELOPMENT_TEAM = YN958LW8P7;
				ENABLE_APP_SANDBOX = YES;
				ENABLE_HARDENED_RUNTIME = YES;
				ENABLE_INCOMING_NETWORK_CONNECTIONS = NO;
				ENABLE_OUTGOING_NETWORK_CONNECTIONS = NO;
				ENABLE_RESOURCE_ACCESS_AUDIO_INPUT = NO;
				ENABLE_RESOURCE_ACCESS_BLUETOOTH = NO;
				ENABLE_RESOURCE_ACCESS_CALENDARS = NO;
				ENABLE_RESOURCE_ACCESS_CAMERA = NO;
				ENABLE_RESOURCE_ACCESS_CONTACTS = NO;
				ENABLE_RESOURCE_ACCESS_LOCATION = NO;
				ENABLE_RESOURCE_ACCESS_PRINTING = NO;
				ENABLE_RESOURCE_ACCESS_USB = NO;
				GENERATE_INFOPLIST_FILE = YES;
				INFOPLIST_FILE = "Codex Switcher Widgets/Info.plist";
				INFOPLIST_KEY_CFBundleDisplayName = "Codex Switcher Widgets";
				INFOPLIST_KEY_NSHumanReadableCopyright = "";
				LD_RUNPATH_SEARCH_PATHS = (
					"$(inherited)",
					"@executable_path/../Frameworks",
					"@executable_path/../../../../Frameworks",
				);
				MACOSX_DEPLOYMENT_TARGET = 26.0;
				MARKETING_VERSION = 1.0;
				PRODUCT_BUNDLE_IDENTIFIER = com.marcel2215.codexswitcher.widgets;
				PRODUCT_NAME = "$(TARGET_NAME)";
				REGISTER_APP_GROUPS = YES;
				SKIP_INSTALL = YES;
				STRING_CATALOG_GENERATE_SYMBOLS = YES;
				SWIFT_APPROACHABLE_CONCURRENCY = YES;
				SWIFT_EMIT_LOC_STRINGS = YES;
				SWIFT_UPCOMING_FEATURE_MEMBER_IMPORT_VISIBILITY = YES;
				SWIFT_VERSION = 6.0;
			};
			name = Debug;
		};
		1F28ABC22F86DA4C00639A74 /* Release */ = {
			isa = XCBuildConfiguration;
			buildSettings = {
				ASSETCATALOG_COMPILER_APPICON_NAME = AppIcon;
				ASSETCATALOG_COMPILER_GLOBAL_ACCENT_COLOR_NAME = AccentColor;
				ASSETCATALOG_COMPILER_WIDGET_BACKGROUND_COLOR_NAME = WidgetBackground;
				CODE_SIGN_ENTITLEMENTS = "Codex Switcher Widgets/Codex Switcher Widgets.entitlements";
				CODE_SIGN_IDENTITY = "Apple Development";
				CODE_SIGN_STYLE = Automatic;
				CURRENT_PROJECT_VERSION = 1;
				DEVELOPMENT_TEAM = YN958LW8P7;
				ENABLE_APP_SANDBOX = YES;
				ENABLE_HARDENED_RUNTIME = YES;
				ENABLE_INCOMING_NETWORK_CONNECTIONS = NO;
				ENABLE_OUTGOING_NETWORK_CONNECTIONS = NO;
				ENABLE_RESOURCE_ACCESS_AUDIO_INPUT = NO;
				ENABLE_RESOURCE_ACCESS_BLUETOOTH = NO;
				ENABLE_RESOURCE_ACCESS_CALENDARS = NO;
				ENABLE_RESOURCE_ACCESS_CAMERA = NO;
				ENABLE_RESOURCE_ACCESS_CONTACTS = NO;
				ENABLE_RESOURCE_ACCESS_LOCATION = NO;
				ENABLE_RESOURCE_ACCESS_PRINTING = NO;
				ENABLE_RESOURCE_ACCESS_USB = NO;
				GENERATE_INFOPLIST_FILE = YES;
				INFOPLIST_FILE = "Codex Switcher Widgets/Info.plist";
				INFOPLIST_KEY_CFBundleDisplayName = "Codex Switcher Widgets";
				INFOPLIST_KEY_NSHumanReadableCopyright = "";
				LD_RUNPATH_SEARCH_PATHS = (
					"$(inherited)",
					"@executable_path/../Frameworks",
					"@executable_path/../../../../Frameworks",
				);
				MACOSX_DEPLOYMENT_TARGET = 26.0;
				MARKETING_VERSION = 1.0;
				PRODUCT_BUNDLE_IDENTIFIER = com.marcel2215.codexswitcher.widgets;
				PRODUCT_NAME = "$(TARGET_NAME)";
				REGISTER_APP_GROUPS = YES;
				SKIP_INSTALL = YES;
				STRING_CATALOG_GENERATE_SYMBOLS = YES;
				SWIFT_APPROACHABLE_CONCURRENCY = YES;
				SWIFT_EMIT_LOC_STRINGS = YES;
				SWIFT_UPCOMING_FEATURE_MEMBER_IMPORT_VISIBILITY = YES;
				SWIFT_VERSION = 6.0;
			};
			name = Release;
		};
		1F87C9682F8406C9007DED25 /* Debug */ = {
			isa = XCBuildConfiguration;
			buildSettings = {
				ALWAYS_SEARCH_USER_PATHS = NO;
				ASSETCATALOG_COMPILER_GENERATE_SWIFT_ASSET_SYMBOL_EXTENSIONS = YES;
				CLANG_ANALYZER_NONNULL = YES;
				CLANG_ANALYZER_NUMBER_OBJECT_CONVERSION = YES_AGGRESSIVE;
				CLANG_CXX_LANGUAGE_STANDARD = "gnu++20";
				CLANG_ENABLE_MODULES = YES;
				CLANG_ENABLE_OBJC_ARC = YES;
				CLANG_ENABLE_OBJC_WEAK = YES;
				CLANG_WARN_BLOCK_CAPTURE_AUTORELEASING = YES;
				CLANG_WARN_BOOL_CONVERSION = YES;
				CLANG_WARN_COMMA = YES;
				CLANG_WARN_CONSTANT_CONVERSION = YES;
				CLANG_WARN_DEPRECATED_OBJC_IMPLEMENTATIONS = YES;
				CLANG_WARN_DIRECT_OBJC_ISA_USAGE = YES_ERROR;
				CLANG_WARN_DOCUMENTATION_COMMENTS = YES;
				CLANG_WARN_EMPTY_BODY = YES;
				CLANG_WARN_ENUM_CONVERSION = YES;
				CLANG_WARN_INFINITE_RECURSION = YES;
				CLANG_WARN_INT_CONVERSION = YES;
				CLANG_WARN_NON_LITERAL_NULL_CONVERSION = YES;
				CLANG_WARN_OBJC_IMPLICIT_RETAIN_SELF = YES;
				CLANG_WARN_OBJC_LITERAL_CONVERSION = YES;
				CLANG_WARN_OBJC_ROOT_CLASS = YES_ERROR;
				CLANG_WARN_QUOTED_INCLUDE_IN_FRAMEWORK_HEADER = YES;
				CLANG_WARN_RANGE_LOOP_ANALYSIS = YES;
				CLANG_WARN_STRICT_PROTOTYPES = YES;
				CLANG_WARN_SUSPICIOUS_MOVE = YES;
				CLANG_WARN_UNGUARDED_AVAILABILITY = YES_AGGRESSIVE;
				CLANG_WARN_UNREACHABLE_CODE = YES;
				CLANG_WARN__DUPLICATE_METHOD_MATCH = YES;
				COPY_PHASE_STRIP = NO;
				DEBUG_INFORMATION_FORMAT = dwarf;
				DEVELOPMENT_TEAM = YN958LW8P7;
				ENABLE_STRICT_OBJC_MSGSEND = YES;
				ENABLE_TESTABILITY = YES;
				ENABLE_USER_SCRIPT_SANDBOXING = YES;
				GCC_C_LANGUAGE_STANDARD = gnu17;
				GCC_DYNAMIC_NO_PIC = NO;
				GCC_NO_COMMON_BLOCKS = YES;
				GCC_OPTIMIZATION_LEVEL = 0;
				GCC_PREPROCESSOR_DEFINITIONS = (
					"DEBUG=1",
					"$(inherited)",
				);
				GCC_WARN_64_TO_32_BIT_CONVERSION = YES;
				GCC_WARN_ABOUT_RETURN_TYPE = YES_ERROR;
				GCC_WARN_UNDECLARED_SELECTOR = YES;
				GCC_WARN_UNINITIALIZED_AUTOS = YES_AGGRESSIVE;
				GCC_WARN_UNUSED_FUNCTION = YES;
				GCC_WARN_UNUSED_VARIABLE = YES;
				LOCALIZATION_PREFERS_STRING_CATALOGS = YES;
				MACOSX_DEPLOYMENT_TARGET = 26.4;
				MTL_ENABLE_DEBUG_INFO = INCLUDE_SOURCE;
				MTL_FAST_MATH = YES;
				ONLY_ACTIVE_ARCH = YES;
				SDKROOT = macosx;
				SWIFT_ACTIVE_COMPILATION_CONDITIONS = "DEBUG $(inherited)";
				SWIFT_OPTIMIZATION_LEVEL = "-Onone";
			};
			name = Debug;
		};
		1F87C9692F8406C9007DED25 /* Release */ = {
			isa = XCBuildConfiguration;
			buildSettings = {
				ALWAYS_SEARCH_USER_PATHS = NO;
				ASSETCATALOG_COMPILER_GENERATE_SWIFT_ASSET_SYMBOL_EXTENSIONS = YES;
				CLANG_ANALYZER_NONNULL = YES;
				CLANG_ANALYZER_NUMBER_OBJECT_CONVERSION = YES_AGGRESSIVE;
				CLANG_CXX_LANGUAGE_STANDARD = "gnu++20";
				CLANG_ENABLE_MODULES = YES;
				CLANG_ENABLE_OBJC_ARC = YES;
				CLANG_ENABLE_OBJC_WEAK = YES;
				CLANG_WARN_BLOCK_CAPTURE_AUTORELEASING = YES;
				CLANG_WARN_BOOL_CONVERSION = YES;
				CLANG_WARN_COMMA = YES;
				CLANG_WARN_CONSTANT_CONVERSION = YES;
				CLANG_WARN_DEPRECATED_OBJC_IMPLEMENTATIONS = YES;
				CLANG_WARN_DIRECT_OBJC_ISA_USAGE = YES_ERROR;
				CLANG_WARN_DOCUMENTATION_COMMENTS = YES;
				CLANG_WARN_EMPTY_BODY = YES;
				CLANG_WARN_ENUM_CONVERSION = YES;
				CLANG_WARN_INFINITE_RECURSION = YES;
				CLANG_WARN_INT_CONVERSION = YES;
				CLANG_WARN_NON_LITERAL_NULL_CONVERSION = YES;
				CLANG_WARN_OBJC_IMPLICIT_RETAIN_SELF = YES;
				CLANG_WARN_OBJC_LITERAL_CONVERSION = YES;
				CLANG_WARN_OBJC_ROOT_CLASS = YES_ERROR;
				CLANG_WARN_QUOTED_INCLUDE_IN_FRAMEWORK_HEADER = YES;
				CLANG_WARN_RANGE_LOOP_ANALYSIS = YES;
				CLANG_WARN_STRICT_PROTOTYPES = YES;
				CLANG_WARN_SUSPICIOUS_MOVE = YES;
				CLANG_WARN_UNGUARDED_AVAILABILITY = YES_AGGRESSIVE;
				CLANG_WARN_UNREACHABLE_CODE = YES;
				CLANG_WARN__DUPLICATE_METHOD_MATCH = YES;
				COPY_PHASE_STRIP = NO;
				DEBUG_INFORMATION_FORMAT = "dwarf-with-dsym";
				DEVELOPMENT_TEAM = YN958LW8P7;
				ENABLE_NS_ASSERTIONS = NO;
				ENABLE_STRICT_OBJC_MSGSEND = YES;
				ENABLE_USER_SCRIPT_SANDBOXING = YES;
				GCC_C_LANGUAGE_STANDARD = gnu17;
				GCC_NO_COMMON_BLOCKS = YES;
				GCC_WARN_64_TO_32_BIT_CONVERSION = YES;
				GCC_WARN_ABOUT_RETURN_TYPE = YES_ERROR;
				GCC_WARN_UNDECLARED_SELECTOR = YES;
				GCC_WARN_UNINITIALIZED_AUTOS = YES_AGGRESSIVE;
				GCC_WARN_UNUSED_FUNCTION = YES;
				GCC_WARN_UNUSED_VARIABLE = YES;
				LOCALIZATION_PREFERS_STRING_CATALOGS = YES;
				MACOSX_DEPLOYMENT_TARGET = 26.4;
				MTL_ENABLE_DEBUG_INFO = NO;
				MTL_FAST_MATH = YES;
				SDKROOT = macosx;
				SWIFT_COMPILATION_MODE = wholemodule;
			};
			name = Release;
		};
		1F87C96B2F8406C9007DED25 /* Debug */ = {
			isa = XCBuildConfiguration;
			buildSettings = {
				ASSETCATALOG_COMPILER_APPICON_NAME = AppIcon;
				ASSETCATALOG_COMPILER_GLOBAL_ACCENT_COLOR_NAME = AccentColor;
				CODE_SIGN_ENTITLEMENTS = "Codex Switcher/Codex Switcher.entitlements";
				CODE_SIGN_IDENTITY = "Apple Development";
				CODE_SIGN_STYLE = Automatic;
				COMBINE_HIDPI_IMAGES = YES;
				CURRENT_PROJECT_VERSION = 1;
				DEVELOPMENT_TEAM = YN958LW8P7;
				ENABLE_APP_SANDBOX = YES;
				ENABLE_HARDENED_RUNTIME = YES;
				ENABLE_INCOMING_NETWORK_CONNECTIONS = NO;
				ENABLE_OUTGOING_NETWORK_CONNECTIONS = YES;
				ENABLE_PREVIEWS = YES;
				ENABLE_RESOURCE_ACCESS_AUDIO_INPUT = NO;
				ENABLE_RESOURCE_ACCESS_BLUETOOTH = NO;
				ENABLE_RESOURCE_ACCESS_CALENDARS = NO;
				ENABLE_RESOURCE_ACCESS_CAMERA = NO;
				ENABLE_RESOURCE_ACCESS_CONTACTS = NO;
				ENABLE_RESOURCE_ACCESS_LOCATION = NO;
				ENABLE_RESOURCE_ACCESS_PRINTING = NO;
				ENABLE_RESOURCE_ACCESS_USB = NO;
				ENABLE_USER_SELECTED_FILES = readwrite;
				GENERATE_INFOPLIST_FILE = YES;
				INFOPLIST_KEY_CFBundleDisplayName = "Codex Switcher";
				INFOPLIST_KEY_LSApplicationCategoryType = "public.app-category.utilities";
				INFOPLIST_KEY_NSHumanReadableCopyright = "";
				LD_RUNPATH_SEARCH_PATHS = (
					"$(inherited)",
					"@executable_path/../Frameworks",
				);
				MACOSX_DEPLOYMENT_TARGET = 26.0;
				MARKETING_VERSION = 1.0;
				PRODUCT_BUNDLE_IDENTIFIER = com.marcel2215.codexswitcher;
				PRODUCT_NAME = "$(TARGET_NAME)";
				PROVISIONING_PROFILE_SPECIFIER = "";
				REGISTER_APP_GROUPS = YES;
				STRING_CATALOG_GENERATE_SYMBOLS = YES;
				SWIFT_APPROACHABLE_CONCURRENCY = YES;
				SWIFT_DEFAULT_ACTOR_ISOLATION = MainActor;
				SWIFT_EMIT_CONST_VALUE_PROTOCOLS = "AnyResolverProviding AppEntity AppEnum AppExtension AppIntent AppIntentsPackage AppShortcutProviding AppShortcutsProvider AppUnionValue AppUnionValueCasesProviding DynamicOptionsProvider EntityQuery ExtensionPointDefining IntentValueQuery Resolver TransientEntity _AssistantIntentsProvider _GenerativeFunctionExtractable _IntentValueRepresentable";
				SWIFT_EMIT_LOC_STRINGS = YES;
				SWIFT_UPCOMING_FEATURE_MEMBER_IMPORT_VISIBILITY = YES;
				SWIFT_VERSION = 6.0;
			};
			name = Debug;
		};
		1F87C96C2F8406C9007DED25 /* Release */ = {
			isa = XCBuildConfiguration;
			buildSettings = {
				ASSETCATALOG_COMPILER_APPICON_NAME = AppIcon;
				ASSETCATALOG_COMPILER_GLOBAL_ACCENT_COLOR_NAME = AccentColor;
				CODE_SIGN_ENTITLEMENTS = "Codex Switcher/Codex Switcher.entitlements";
				CODE_SIGN_IDENTITY = "Apple Development";
				CODE_SIGN_STYLE = Automatic;
				COMBINE_HIDPI_IMAGES = YES;
				CURRENT_PROJECT_VERSION = 1;
				DEVELOPMENT_TEAM = YN958LW8P7;
				ENABLE_APP_SANDBOX = YES;
				ENABLE_HARDENED_RUNTIME = YES;
				ENABLE_INCOMING_NETWORK_CONNECTIONS = NO;
				ENABLE_OUTGOING_NETWORK_CONNECTIONS = NO;
				ENABLE_PREVIEWS = YES;
				ENABLE_RESOURCE_ACCESS_AUDIO_INPUT = NO;
				ENABLE_RESOURCE_ACCESS_BLUETOOTH = NO;
				ENABLE_RESOURCE_ACCESS_CALENDARS = NO;
				ENABLE_RESOURCE_ACCESS_CAMERA = NO;
				ENABLE_RESOURCE_ACCESS_CONTACTS = NO;
				ENABLE_RESOURCE_ACCESS_LOCATION = NO;
				ENABLE_RESOURCE_ACCESS_PRINTING = NO;
				ENABLE_RESOURCE_ACCESS_USB = NO;
				GENERATE_INFOPLIST_FILE = YES;
				INFOPLIST_KEY_CFBundleDisplayName = "Codex Switcher";
				INFOPLIST_KEY_LSApplicationCategoryType = "public.app-category.utilities";
				INFOPLIST_KEY_NSHumanReadableCopyright = "";
				LD_RUNPATH_SEARCH_PATHS = (
					"$(inherited)",
					"@executable_path/../Frameworks",
				);
				MACOSX_DEPLOYMENT_TARGET = 26.0;
				MARKETING_VERSION = 1.0;
				PRODUCT_BUNDLE_IDENTIFIER = com.marcel2215.codexswitcher;
				PRODUCT_NAME = "$(TARGET_NAME)";
				PROVISIONING_PROFILE_SPECIFIER = "";
				REGISTER_APP_GROUPS = YES;
				STRING_CATALOG_GENERATE_SYMBOLS = YES;
				SWIFT_APPROACHABLE_CONCURRENCY = YES;
				SWIFT_DEFAULT_ACTOR_ISOLATION = MainActor;
				SWIFT_EMIT_CONST_VALUE_PROTOCOLS = "AnyResolverProviding AppEntity AppEnum AppExtension AppIntent AppIntentsPackage AppShortcutProviding AppShortcutsProvider AppUnionValue AppUnionValueCasesProviding DynamicOptionsProvider EntityQuery ExtensionPointDefining IntentValueQuery Resolver TransientEntity _AssistantIntentsProvider _GenerativeFunctionExtractable _IntentValueRepresentable";
				SWIFT_EMIT_LOC_STRINGS = YES;
				SWIFT_UPCOMING_FEATURE_MEMBER_IMPORT_VISIBILITY = YES;
				SWIFT_VERSION = 6.0;
			};
			name = Release;
		};
		1F87C96E2F8406C9007DED25 /* Debug */ = {
			isa = XCBuildConfiguration;
			buildSettings = {
				BUNDLE_LOADER = "$(TEST_HOST)";
				CODE_SIGN_STYLE = Automatic;
				CURRENT_PROJECT_VERSION = 1;
				DEVELOPMENT_TEAM = YN958LW8P7;
				GENERATE_INFOPLIST_FILE = YES;
				MACOSX_DEPLOYMENT_TARGET = 26.0;
				MARKETING_VERSION = 1.0;
				PRODUCT_BUNDLE_IDENTIFIER = com.marcel2215.codexswitcher.tests;
				PRODUCT_NAME = "$(TARGET_NAME)";
				STRING_CATALOG_GENERATE_SYMBOLS = NO;
				SWIFT_APPROACHABLE_CONCURRENCY = YES;
				SWIFT_EMIT_LOC_STRINGS = NO;
				SWIFT_UPCOMING_FEATURE_MEMBER_IMPORT_VISIBILITY = YES;
				SWIFT_VERSION = 6.0;
				TEST_HOST = "$(BUILT_PRODUCTS_DIR)/Codex Switcher.app/$(BUNDLE_EXECUTABLE_FOLDER_PATH)/Codex Switcher";
			};
			name = Debug;
		};
		1F87C96F2F8406C9007DED25 /* Release */ = {
			isa = XCBuildConfiguration;
			buildSettings = {
				BUNDLE_LOADER = "$(TEST_HOST)";
				CODE_SIGN_STYLE = Automatic;
				CURRENT_PROJECT_VERSION = 1;
				DEVELOPMENT_TEAM = YN958LW8P7;
				GENERATE_INFOPLIST_FILE = YES;
				MACOSX_DEPLOYMENT_TARGET = 26.0;
				MARKETING_VERSION = 1.0;
				PRODUCT_BUNDLE_IDENTIFIER = com.marcel2215.codexswitcher.tests;
				PRODUCT_NAME = "$(TARGET_NAME)";
				STRING_CATALOG_GENERATE_SYMBOLS = NO;
				SWIFT_APPROACHABLE_CONCURRENCY = YES;
				SWIFT_EMIT_LOC_STRINGS = NO;
				SWIFT_UPCOMING_FEATURE_MEMBER_IMPORT_VISIBILITY = YES;
				SWIFT_VERSION = 6.0;
				TEST_HOST = "$(BUILT_PRODUCTS_DIR)/Codex Switcher.app/$(BUNDLE_EXECUTABLE_FOLDER_PATH)/Codex Switcher";
			};
			name = Release;
		};
		1F87C9712F8406C9007DED25 /* Debug */ = {
			isa = XCBuildConfiguration;
			buildSettings = {
				CODE_SIGN_STYLE = Automatic;
				CURRENT_PROJECT_VERSION = 1;
				DEVELOPMENT_TEAM = YN958LW8P7;
				GENERATE_INFOPLIST_FILE = YES;
				MACOSX_DEPLOYMENT_TARGET = 26.0;
				MARKETING_VERSION = 1.0;
				PRODUCT_BUNDLE_IDENTIFIER = com.marcel2215.codexswitcher.tests.ui;
				PRODUCT_NAME = "$(TARGET_NAME)";
				STRING_CATALOG_GENERATE_SYMBOLS = NO;
				SWIFT_APPROACHABLE_CONCURRENCY = YES;
				SWIFT_EMIT_LOC_STRINGS = NO;
				SWIFT_UPCOMING_FEATURE_MEMBER_IMPORT_VISIBILITY = YES;
				SWIFT_VERSION = 6.0;
				TEST_TARGET_NAME = "Codex Switcher";
			};
			name = Debug;
		};
		1F87C9722F8406C9007DED25 /* Release */ = {
			isa = XCBuildConfiguration;
			buildSettings = {
				CODE_SIGN_STYLE = Automatic;
				CURRENT_PROJECT_VERSION = 1;
				DEVELOPMENT_TEAM = YN958LW8P7;
				GENERATE_INFOPLIST_FILE = YES;
				MACOSX_DEPLOYMENT_TARGET = 26.0;
				MARKETING_VERSION = 1.0;
				PRODUCT_BUNDLE_IDENTIFIER = com.marcel2215.codexswitcher.tests.ui;
				PRODUCT_NAME = "$(TARGET_NAME)";
				STRING_CATALOG_GENERATE_SYMBOLS = NO;
				SWIFT_APPROACHABLE_CONCURRENCY = YES;
				SWIFT_EMIT_LOC_STRINGS = NO;
				SWIFT_UPCOMING_FEATURE_MEMBER_IMPORT_VISIBILITY = YES;
				SWIFT_VERSION = 6.0;
				TEST_TARGET_NAME = "Codex Switcher";
			};
			name = Release;
		};
		1F96B5C82F89BF5200044DB7 /* Debug */ = {
			isa = XCBuildConfiguration;
			buildSettings = {
				ASSETCATALOG_COMPILER_APPICON_NAME = AppIcon;
				ASSETCATALOG_COMPILER_GLOBAL_ACCENT_COLOR_NAME = AccentColor;
				CODE_SIGN_ENTITLEMENTS = "Codex Switcher iOS App/CodexSwitcheriOSApp.entitlements";
				CODE_SIGN_STYLE = Automatic;
				CURRENT_PROJECT_VERSION = 1;
				DEVELOPMENT_TEAM = YN958LW8P7;
				ENABLE_PREVIEWS = YES;
				GENERATE_INFOPLIST_FILE = YES;
				INFOPLIST_FILE = "Codex Switcher iOS App/Info.plist";
				INFOPLIST_KEY_CFBundleDisplayName = "Codex Switcher";
				INFOPLIST_KEY_LSApplicationCategoryType = "public.app-category.utilities";
				INFOPLIST_KEY_UIApplicationSceneManifest_Generation = YES;
				INFOPLIST_KEY_UIApplicationSupportsIndirectInputEvents = YES;
				INFOPLIST_KEY_UILaunchScreen_Generation = YES;
				INFOPLIST_KEY_UISupportedInterfaceOrientations_iPad = "UIInterfaceOrientationPortrait UIInterfaceOrientationPortraitUpsideDown UIInterfaceOrientationLandscapeLeft UIInterfaceOrientationLandscapeRight";
				INFOPLIST_KEY_UISupportedInterfaceOrientations_iPhone = "UIInterfaceOrientationPortrait UIInterfaceOrientationLandscapeLeft UIInterfaceOrientationLandscapeRight";
				IPHONEOS_DEPLOYMENT_TARGET = 26.0;
				LD_RUNPATH_SEARCH_PATHS = (
					"$(inherited)",
					"@executable_path/Frameworks",
				);
				MARKETING_VERSION = 1.0;
				PRODUCT_BUNDLE_IDENTIFIER = com.marcel2215.codexswitcher;
				PRODUCT_NAME = "$(TARGET_NAME)";
				SDKROOT = iphoneos;
				STRING_CATALOG_GENERATE_SYMBOLS = YES;
				SUPPORTED_PLATFORMS = "iphoneos iphonesimulator";
				SUPPORTS_MACCATALYST = NO;
				SUPPORTS_MAC_DESIGNED_FOR_IPHONE_IPAD = NO;
				SWIFT_APPROACHABLE_CONCURRENCY = YES;
				SWIFT_DEFAULT_ACTOR_ISOLATION = MainActor;
				SWIFT_EMIT_LOC_STRINGS = YES;
				SWIFT_UPCOMING_FEATURE_MEMBER_IMPORT_VISIBILITY = YES;
				SWIFT_VERSION = 6.0;
				TARGETED_DEVICE_FAMILY = "1,2";
			};
			name = Debug;
		};
		1F96B5C92F89BF5200044DB7 /* Release */ = {
			isa = XCBuildConfiguration;
			buildSettings = {
				ASSETCATALOG_COMPILER_APPICON_NAME = AppIcon;
				ASSETCATALOG_COMPILER_GLOBAL_ACCENT_COLOR_NAME = AccentColor;
				CODE_SIGN_ENTITLEMENTS = "Codex Switcher iOS App/CodexSwitcheriOSApp.entitlements";
				CODE_SIGN_STYLE = Automatic;
				CURRENT_PROJECT_VERSION = 1;
				DEVELOPMENT_TEAM = YN958LW8P7;
				ENABLE_PREVIEWS = YES;
				GENERATE_INFOPLIST_FILE = YES;
				INFOPLIST_FILE = "Codex Switcher iOS App/Info.plist";
				INFOPLIST_KEY_CFBundleDisplayName = "Codex Switcher";
				INFOPLIST_KEY_LSApplicationCategoryType = "public.app-category.utilities";
				INFOPLIST_KEY_UIApplicationSceneManifest_Generation = YES;
				INFOPLIST_KEY_UIApplicationSupportsIndirectInputEvents = YES;
				INFOPLIST_KEY_UILaunchScreen_Generation = YES;
				INFOPLIST_KEY_UISupportedInterfaceOrientations_iPad = "UIInterfaceOrientationPortrait UIInterfaceOrientationPortraitUpsideDown UIInterfaceOrientationLandscapeLeft UIInterfaceOrientationLandscapeRight";
				INFOPLIST_KEY_UISupportedInterfaceOrientations_iPhone = "UIInterfaceOrientationPortrait UIInterfaceOrientationLandscapeLeft UIInterfaceOrientationLandscapeRight";
				IPHONEOS_DEPLOYMENT_TARGET = 26.0;
				LD_RUNPATH_SEARCH_PATHS = (
					"$(inherited)",
					"@executable_path/Frameworks",
				);
				MARKETING_VERSION = 1.0;
				PRODUCT_BUNDLE_IDENTIFIER = com.marcel2215.codexswitcher;
				PRODUCT_NAME = "$(TARGET_NAME)";
				SDKROOT = iphoneos;
				STRING_CATALOG_GENERATE_SYMBOLS = YES;
				SUPPORTED_PLATFORMS = "iphoneos iphonesimulator";
				SUPPORTS_MACCATALYST = NO;
				SUPPORTS_MAC_DESIGNED_FOR_IPHONE_IPAD = NO;
				SWIFT_APPROACHABLE_CONCURRENCY = YES;
				SWIFT_DEFAULT_ACTOR_ISOLATION = MainActor;
				SWIFT_EMIT_LOC_STRINGS = YES;
				SWIFT_UPCOMING_FEATURE_MEMBER_IMPORT_VISIBILITY = YES;
				SWIFT_VERSION = 6.0;
				TARGETED_DEVICE_FAMILY = "1,2";
				VALIDATE_PRODUCT = YES;
			};
			name = Release;
		};
		1F96B5CA2F89BF5200044DB7 /* Debug */ = {
			isa = XCBuildConfiguration;
			buildSettings = {
				BUNDLE_LOADER = "$(TEST_HOST)";
				CODE_SIGN_STYLE = Automatic;
				CURRENT_PROJECT_VERSION = 1;
				DEVELOPMENT_TEAM = YN958LW8P7;
				GENERATE_INFOPLIST_FILE = YES;
				IPHONEOS_DEPLOYMENT_TARGET = 26.0;
				MARKETING_VERSION = 1.0;
				PRODUCT_BUNDLE_IDENTIFIER = com.marcel2215.codexswitcher.tests;
				PRODUCT_NAME = "$(TARGET_NAME)";
				SDKROOT = iphoneos;
				STRING_CATALOG_GENERATE_SYMBOLS = NO;
				SWIFT_APPROACHABLE_CONCURRENCY = YES;
				SWIFT_EMIT_LOC_STRINGS = NO;
				SWIFT_UPCOMING_FEATURE_MEMBER_IMPORT_VISIBILITY = YES;
				SWIFT_VERSION = 6.0;
				TARGETED_DEVICE_FAMILY = "1,2";
				TEST_HOST = "$(BUILT_PRODUCTS_DIR)/Codex Switcher iOS App.app/$(BUNDLE_EXECUTABLE_FOLDER_PATH)/Codex Switcher iOS App";
			};
			name = Debug;
		};
		1F96B5CB2F89BF5200044DB7 /* Release */ = {
			isa = XCBuildConfiguration;
			buildSettings = {
				BUNDLE_LOADER = "$(TEST_HOST)";
				CODE_SIGN_STYLE = Automatic;
				CURRENT_PROJECT_VERSION = 1;
				DEVELOPMENT_TEAM = YN958LW8P7;
				GENERATE_INFOPLIST_FILE = YES;
				IPHONEOS_DEPLOYMENT_TARGET = 26.0;
				MARKETING_VERSION = 1.0;
				PRODUCT_BUNDLE_IDENTIFIER = com.marcel2215.codexswitcher.tests;
				PRODUCT_NAME = "$(TARGET_NAME)";
				SDKROOT = iphoneos;
				STRING_CATALOG_GENERATE_SYMBOLS = NO;
				SWIFT_APPROACHABLE_CONCURRENCY = YES;
				SWIFT_EMIT_LOC_STRINGS = NO;
				SWIFT_UPCOMING_FEATURE_MEMBER_IMPORT_VISIBILITY = YES;
				SWIFT_VERSION = 6.0;
				TARGETED_DEVICE_FAMILY = "1,2";
				TEST_HOST = "$(BUILT_PRODUCTS_DIR)/Codex Switcher iOS App.app/$(BUNDLE_EXECUTABLE_FOLDER_PATH)/Codex Switcher iOS App";
				VALIDATE_PRODUCT = YES;
			};
			name = Release;
		};
		1F96B5CC2F89BF5200044DB7 /* Debug */ = {
			isa = XCBuildConfiguration;
			buildSettings = {
				CODE_SIGN_STYLE = Automatic;
				CURRENT_PROJECT_VERSION = 1;
				DEVELOPMENT_TEAM = YN958LW8P7;
				GENERATE_INFOPLIST_FILE = YES;
				IPHONEOS_DEPLOYMENT_TARGET = 26.0;
				MARKETING_VERSION = 1.0;
				PRODUCT_BUNDLE_IDENTIFIER = com.marcel2215.codexswitcher.tests.ui;
				PRODUCT_NAME = "$(TARGET_NAME)";
				SDKROOT = iphoneos;
				STRING_CATALOG_GENERATE_SYMBOLS = NO;
				SWIFT_APPROACHABLE_CONCURRENCY = YES;
				SWIFT_EMIT_LOC_STRINGS = NO;
				SWIFT_UPCOMING_FEATURE_MEMBER_IMPORT_VISIBILITY = YES;
				SWIFT_VERSION = 6.0;
				TARGETED_DEVICE_FAMILY = "1,2";
				TEST_TARGET_NAME = "Codex Switcher iOS App";
			};
			name = Debug;
		};
		1F96B5CD2F89BF5200044DB7 /* Release */ = {
			isa = XCBuildConfiguration;
			buildSettings = {
				CODE_SIGN_STYLE = Automatic;
				CURRENT_PROJECT_VERSION = 1;
				DEVELOPMENT_TEAM = YN958LW8P7;
				GENERATE_INFOPLIST_FILE = YES;
				IPHONEOS_DEPLOYMENT_TARGET = 26.0;
				MARKETING_VERSION = 1.0;
				PRODUCT_BUNDLE_IDENTIFIER = com.marcel2215.codexswitcher.tests.ui;
				PRODUCT_NAME = "$(TARGET_NAME)";
				SDKROOT = iphoneos;
				STRING_CATALOG_GENERATE_SYMBOLS = NO;
				SWIFT_APPROACHABLE_CONCURRENCY = YES;
				SWIFT_EMIT_LOC_STRINGS = NO;
				SWIFT_UPCOMING_FEATURE_MEMBER_IMPORT_VISIBILITY = YES;
				SWIFT_VERSION = 6.0;
				TARGETED_DEVICE_FAMILY = "1,2";
				TEST_TARGET_NAME = "Codex Switcher iOS App";
				VALIDATE_PRODUCT = YES;
			};
			name = Release;
		};
		1FA035812F8AF68400367DD6 /* Debug */ = {
			isa = XCBuildConfiguration;
			buildSettings = {
				ASSETCATALOG_COMPILER_APPICON_NAME = AppIcon;
				ASSETCATALOG_COMPILER_GLOBAL_ACCENT_COLOR_NAME = AccentColor;
				CODE_SIGN_ENTITLEMENTS = "Codex Switcher Watch App/CodexSwitcherWatchApp.entitlements";
				CODE_SIGN_IDENTITY = "Apple Development";
				CODE_SIGN_STYLE = Automatic;
				CURRENT_PROJECT_VERSION = 1;
				DEVELOPMENT_TEAM = YN958LW8P7;
				ENABLE_PREVIEWS = YES;
				GENERATE_INFOPLIST_FILE = YES;
				INFOPLIST_FILE = "Codex Switcher Watch App/Info.plist";
				INFOPLIST_KEY_CFBundleDisplayName = "Codex Switcher";
				INFOPLIST_KEY_UISupportedInterfaceOrientations = "UIInterfaceOrientationPortrait UIInterfaceOrientationPortraitUpsideDown";
				INFOPLIST_KEY_WKCompanionAppBundleIdentifier = com.marcel2215.codexswitcher;
				INFOPLIST_KEY_WKRunsIndependentlyOfCompanionApp = YES;
				LD_RUNPATH_SEARCH_PATHS = (
					"$(inherited)",
					"@executable_path/Frameworks",
				);
				MARKETING_VERSION = 1.0;
				PRODUCT_BUNDLE_IDENTIFIER = com.marcel2215.codexswitcher.watchkitapp;
				PRODUCT_NAME = "$(TARGET_NAME)";
				SDKROOT = watchos;
				SKIP_INSTALL = YES;
				STRING_CATALOG_GENERATE_SYMBOLS = YES;
				SWIFT_APPROACHABLE_CONCURRENCY = YES;
				SWIFT_DEFAULT_ACTOR_ISOLATION = MainActor;
				SWIFT_EMIT_LOC_STRINGS = YES;
				SWIFT_UPCOMING_FEATURE_MEMBER_IMPORT_VISIBILITY = YES;
				SWIFT_VERSION = 6.0;
				TARGETED_DEVICE_FAMILY = 4;
				WATCHOS_DEPLOYMENT_TARGET = 26.0;
			};
			name = Debug;
		};
		1FA035822F8AF68400367DD6 /* Release */ = {
			isa = XCBuildConfiguration;
			buildSettings = {
				ASSETCATALOG_COMPILER_APPICON_NAME = AppIcon;
				ASSETCATALOG_COMPILER_GLOBAL_ACCENT_COLOR_NAME = AccentColor;
				CODE_SIGN_ENTITLEMENTS = "Codex Switcher Watch App/CodexSwitcherWatchApp.entitlements";
				CODE_SIGN_IDENTITY = "Apple Development";
				CODE_SIGN_STYLE = Automatic;
				CURRENT_PROJECT_VERSION = 1;
				DEVELOPMENT_TEAM = YN958LW8P7;
				ENABLE_PREVIEWS = YES;
				GENERATE_INFOPLIST_FILE = YES;
				INFOPLIST_FILE = "Codex Switcher Watch App/Info.plist";
				INFOPLIST_KEY_CFBundleDisplayName = "Codex Switcher";
				INFOPLIST_KEY_UISupportedInterfaceOrientations = "UIInterfaceOrientationPortrait UIInterfaceOrientationPortraitUpsideDown";
				INFOPLIST_KEY_WKCompanionAppBundleIdentifier = com.marcel2215.codexswitcher;
				INFOPLIST_KEY_WKRunsIndependentlyOfCompanionApp = YES;
				LD_RUNPATH_SEARCH_PATHS = (
					"$(inherited)",
					"@executable_path/Frameworks",
				);
				MARKETING_VERSION = 1.0;
				PRODUCT_BUNDLE_IDENTIFIER = com.marcel2215.codexswitcher.watchkitapp;
				PRODUCT_NAME = "$(TARGET_NAME)";
				SDKROOT = watchos;
				SKIP_INSTALL = YES;
				STRING_CATALOG_GENERATE_SYMBOLS = YES;
				SWIFT_APPROACHABLE_CONCURRENCY = YES;
				SWIFT_DEFAULT_ACTOR_ISOLATION = MainActor;
				SWIFT_EMIT_LOC_STRINGS = YES;
				SWIFT_UPCOMING_FEATURE_MEMBER_IMPORT_VISIBILITY = YES;
				SWIFT_VERSION = 6.0;
				TARGETED_DEVICE_FAMILY = 4;
				VALIDATE_PRODUCT = YES;
				WATCHOS_DEPLOYMENT_TARGET = 26.0;
			};
			name = Release;
		};
		1FA035832F8AF68400367DD6 /* Debug */ = {
			isa = XCBuildConfiguration;
			buildSettings = {
				BUNDLE_LOADER = "$(TEST_HOST)";
				CODE_SIGN_STYLE = Automatic;
				CURRENT_PROJECT_VERSION = 1;
				DEVELOPMENT_TEAM = YN958LW8P7;
				GENERATE_INFOPLIST_FILE = YES;
				MARKETING_VERSION = 1.0;
				PRODUCT_BUNDLE_IDENTIFIER = com.marcel2215.codexswitcher.watchkitapp.tests;
				PRODUCT_NAME = "$(TARGET_NAME)";
				SDKROOT = watchos;
				STRING_CATALOG_GENERATE_SYMBOLS = NO;
				SWIFT_APPROACHABLE_CONCURRENCY = YES;
				SWIFT_EMIT_CONST_VALUE_PROTOCOLS = "";
				SWIFT_EMIT_LOC_STRINGS = NO;
				SWIFT_UPCOMING_FEATURE_MEMBER_IMPORT_VISIBILITY = YES;
				SWIFT_VERSION = 6.0;
				TARGETED_DEVICE_FAMILY = 4;
				TEST_HOST = "$(BUILT_PRODUCTS_DIR)/Codex Switcher Watch App.app/$(BUNDLE_EXECUTABLE_FOLDER_PATH)/Codex Switcher Watch App";
				TEST_TARGET_NAME = "Codex Switcher Watch App";
				WATCHOS_DEPLOYMENT_TARGET = 26.0;
			};
			name = Debug;
		};
		1FA035842F8AF68400367DD6 /* Release */ = {
			isa = XCBuildConfiguration;
			buildSettings = {
				BUNDLE_LOADER = "$(TEST_HOST)";
				CODE_SIGN_STYLE = Automatic;
				CURRENT_PROJECT_VERSION = 1;
				DEVELOPMENT_TEAM = YN958LW8P7;
				GENERATE_INFOPLIST_FILE = YES;
				MARKETING_VERSION = 1.0;
				PRODUCT_BUNDLE_IDENTIFIER = com.marcel2215.codexswitcher.watchkitapp.tests;
				PRODUCT_NAME = "$(TARGET_NAME)";
				SDKROOT = watchos;
				STRING_CATALOG_GENERATE_SYMBOLS = NO;
				SWIFT_APPROACHABLE_CONCURRENCY = YES;
				SWIFT_EMIT_CONST_VALUE_PROTOCOLS = "";
				SWIFT_EMIT_LOC_STRINGS = NO;
				SWIFT_UPCOMING_FEATURE_MEMBER_IMPORT_VISIBILITY = YES;
				SWIFT_VERSION = 6.0;
				TARGETED_DEVICE_FAMILY = 4;
				TEST_HOST = "$(BUILT_PRODUCTS_DIR)/Codex Switcher Watch App.app/$(BUNDLE_EXECUTABLE_FOLDER_PATH)/Codex Switcher Watch App";
				TEST_TARGET_NAME = "Codex Switcher Watch App";
				VALIDATE_PRODUCT = YES;
				WATCHOS_DEPLOYMENT_TARGET = 26.0;
			};
			name = Release;
		};
		1FA035852F8AF68400367DD6 /* Debug */ = {
			isa = XCBuildConfiguration;
			buildSettings = {
				CODE_SIGN_STYLE = Automatic;
				CURRENT_PROJECT_VERSION = 1;
				DEVELOPMENT_TEAM = YN958LW8P7;
				GENERATE_INFOPLIST_FILE = YES;
				MARKETING_VERSION = 1.0;
				PRODUCT_BUNDLE_IDENTIFIER = com.marcel2215.codexswitcher.watchkitapp.tests.ui;
				PRODUCT_NAME = "$(TARGET_NAME)";
				SDKROOT = watchos;
				STRING_CATALOG_GENERATE_SYMBOLS = NO;
				SWIFT_APPROACHABLE_CONCURRENCY = YES;
				SWIFT_EMIT_CONST_VALUE_PROTOCOLS = "";
				SWIFT_EMIT_LOC_STRINGS = NO;
				SWIFT_UPCOMING_FEATURE_MEMBER_IMPORT_VISIBILITY = YES;
				SWIFT_VERSION = 5.0;
				TARGETED_DEVICE_FAMILY = 4;
				TEST_TARGET_NAME = "Codex Switcher Watch App Watch App";
				WATCHOS_DEPLOYMENT_TARGET = 26.0;
			};
			name = Debug;
		};
		1FA035862F8AF68400367DD6 /* Release */ = {
			isa = XCBuildConfiguration;
			buildSettings = {
				CODE_SIGN_STYLE = Automatic;
				CURRENT_PROJECT_VERSION = 1;
				DEVELOPMENT_TEAM = YN958LW8P7;
				GENERATE_INFOPLIST_FILE = YES;
				MARKETING_VERSION = 1.0;
				PRODUCT_BUNDLE_IDENTIFIER = com.marcel2215.codexswitcher.watchkitapp.tests.ui;
				PRODUCT_NAME = "$(TARGET_NAME)";
				SDKROOT = watchos;
				STRING_CATALOG_GENERATE_SYMBOLS = NO;
				SWIFT_APPROACHABLE_CONCURRENCY = YES;
				SWIFT_EMIT_CONST_VALUE_PROTOCOLS = "";
				SWIFT_EMIT_LOC_STRINGS = NO;
				SWIFT_UPCOMING_FEATURE_MEMBER_IMPORT_VISIBILITY = YES;
				SWIFT_VERSION = 5.0;
				TARGETED_DEVICE_FAMILY = 4;
				TEST_TARGET_NAME = "Codex Switcher Watch App Watch App";
				VALIDATE_PRODUCT = YES;
				WATCHOS_DEPLOYMENT_TARGET = 26.0;
			};
			name = Release;
		};
/* End XCBuildConfiguration section */

/* Begin XCConfigurationList section */
		1F1413412F8C7C940013386A /* Build configuration list for PBXNativeTarget "Codex Switcher iOS Widgets" */ = {
			isa = XCConfigurationList;
			buildConfigurations = (
				1F1413422F8C7C940013386A /* Debug */,
				1F1413432F8C7C940013386A /* Release */,
			);
			defaultConfigurationIsVisible = 0;
			defaultConfigurationName = Release;
		};
		1F28ABC02F86DA4C00639A74 /* Build configuration list for PBXNativeTarget "Codex Switcher Widgets" */ = {
			isa = XCConfigurationList;
			buildConfigurations = (
				1F28ABC12F86DA4C00639A74 /* Debug */,
				1F28ABC22F86DA4C00639A74 /* Release */,
			);
			defaultConfigurationIsVisible = 0;
			defaultConfigurationName = Release;
		};
		1F87C9422F8406C7007DED25 /* Build configuration list for PBXProject "Codex Switcher" */ = {
			isa = XCConfigurationList;
			buildConfigurations = (
				1F87C9682F8406C9007DED25 /* Debug */,
				1F87C9692F8406C9007DED25 /* Release */,
			);
			defaultConfigurationIsVisible = 0;
			defaultConfigurationName = Release;
		};
		1F87C96A2F8406C9007DED25 /* Build configuration list for PBXNativeTarget "Codex Switcher" */ = {
			isa = XCConfigurationList;
			buildConfigurations = (
				1F87C96B2F8406C9007DED25 /* Debug */,
				1F87C96C2F8406C9007DED25 /* Release */,
			);
			defaultConfigurationIsVisible = 0;
			defaultConfigurationName = Release;
		};
		1F87C96D2F8406C9007DED25 /* Build configuration list for PBXNativeTarget "Codex Switcher Tests" */ = {
			isa = XCConfigurationList;
			buildConfigurations = (
				1F87C96E2F8406C9007DED25 /* Debug */,
				1F87C96F2F8406C9007DED25 /* Release */,
			);
			defaultConfigurationIsVisible = 0;
			defaultConfigurationName = Release;
		};
		1F87C9702F8406C9007DED25 /* Build configuration list for PBXNativeTarget "Codex Switcher UI Tests" */ = {
			isa = XCConfigurationList;
			buildConfigurations = (
				1F87C9712F8406C9007DED25 /* Debug */,
				1F87C9722F8406C9007DED25 /* Release */,
			);
			defaultConfigurationIsVisible = 0;
			defaultConfigurationName = Release;
		};
		1F96B5CF2F89BF5200044DB7 /* Build configuration list for PBXNativeTarget "Codex Switcher iOS App" */ = {
			isa = XCConfigurationList;
			buildConfigurations = (
				1F96B5C82F89BF5200044DB7 /* Debug */,
				1F96B5C92F89BF5200044DB7 /* Release */,
			);
			defaultConfigurationIsVisible = 0;
			defaultConfigurationName = Release;
		};
		1F96B5D02F89BF5200044DB7 /* Build configuration list for PBXNativeTarget "Codex Switcher iOS App Tests" */ = {
			isa = XCConfigurationList;
			buildConfigurations = (
				1F96B5CA2F89BF5200044DB7 /* Debug */,
				1F96B5CB2F89BF5200044DB7 /* Release */,
			);
			defaultConfigurationIsVisible = 0;
			defaultConfigurationName = Release;
		};
		1F96B5D12F89BF5200044DB7 /* Build configuration list for PBXNativeTarget "Codex Switcher iOS App UI Tests" */ = {
			isa = XCConfigurationList;
			buildConfigurations = (
				1F96B5CC2F89BF5200044DB7 /* Debug */,
				1F96B5CD2F89BF5200044DB7 /* Release */,
			);
			defaultConfigurationIsVisible = 0;
			defaultConfigurationName = Release;
		};
		1FA035872F8AF68400367DD6 /* Build configuration list for PBXNativeTarget "Codex Switcher Watch App" */ = {
			isa = XCConfigurationList;
			buildConfigurations = (
				1FA035812F8AF68400367DD6 /* Debug */,
				1FA035822F8AF68400367DD6 /* Release */,
			);
			defaultConfigurationIsVisible = 0;
			defaultConfigurationName = Release;
		};
		1FA035882F8AF68400367DD6 /* Build configuration list for PBXNativeTarget "Codex Switcher Watch App Tests" */ = {
			isa = XCConfigurationList;
			buildConfigurations = (
				1FA035832F8AF68400367DD6 /* Debug */,
				1FA035842F8AF68400367DD6 /* Release */,
			);
			defaultConfigurationIsVisible = 0;
			defaultConfigurationName = Release;
		};
		1FA035892F8AF68400367DD6 /* Build configuration list for PBXNativeTarget "Codex Switcher Watch App UI Tests" */ = {
			isa = XCConfigurationList;
			buildConfigurations = (
				1FA035852F8AF68400367DD6 /* Debug */,
				1FA035862F8AF68400367DD6 /* Release */,
			);
			defaultConfigurationIsVisible = 0;
			defaultConfigurationName = Release;
		};
/* End XCConfigurationList section */
	};
	rootObject = 1F87C93F2F8406C7007DED25 /* Project object */;
}
