// !$*UTF8*$!
{
	archiveVersion = 1;
	classes = {
	};
	objectVersion = 77;
	objects = {

/* Begin PBXBuildFile section */
		1F28ABAF2F86DA4B00639A74 /* WidgetKit.framework in Frameworks */ = {isa = PBXBuildFile; fileRef = 1F28ABAE2F86DA4A00639A74 /* WidgetKit.framework */; };
		1F28ABB12F86DA4B00639A74 /* SwiftUI.framework in Frameworks */ = {isa = PBXBuildFile; fileRef = 1F28ABB02F86DA4B00639A74 /* SwiftUI.framework */; };
		1F28ABBE2F86DA4C00639A74 /* Codex Switcher Widgets.appex in Embed Foundation Extensions */ = {isa = PBXBuildFile; fileRef = 1F28ABAC2F86DA4A00639A74 /* Codex Switcher Widgets.appex */; settings = {ATTRIBUTES = (RemoveHeadersOnCopy, ); }; };
/* End PBXBuildFile section */

/* Begin PBXContainerItemProxy section */
		1F28ABBC2F86DA4C00639A74 /* PBXContainerItemProxy */ = {
			isa = PBXContainerItemProxy;
			containerPortal = 1F87C93F2F8406C7007DED25 /* Project object */;
			proxyType = 1;
			remoteGlobalIDString = 1F28ABAB2F86DA4A00639A74;
			remoteInfo = "Codex Switcher WidgetsExtension";
		};
		1F87C9572F8406C9007DED25 /* PBXContainerItemProxy */ = {
			isa = PBXContainerItemProxy;
			containerPortal = 1F87C93F2F8406C7007DED25 /* Project object */;
			proxyType = 1;
			remoteGlobalIDString = 1F87C9462F8406C7007DED25;
			remoteInfo = "Codex Switcher";
		};
		1F87C9612F8406C9007DED25 /* PBXContainerItemProxy */ = {
			isa = PBXContainerItemProxy;
			containerPortal = 1F87C93F2F8406C7007DED25 /* Project object */;
			proxyType = 1;
			remoteGlobalIDString = 1F87C9462F8406C7007DED25;
			remoteInfo = "Codex Switcher";
		};
/* End PBXContainerItemProxy section */

/* Begin PBXCopyFilesBuildPhase section */
		1F28ABC32F86DA4C00639A74 /* Embed Foundation Extensions */ = {
			isa = PBXCopyFilesBuildPhase;
			buildActionMask = 2147483647;
			dstPath = "";
			dstSubfolderSpec = 13;
			files = (
				1F28ABBE2F86DA4C00639A74 /* Codex Switcher Widgets.appex in Embed Foundation Extensions */,
			);
			name = "Embed Foundation Extensions";
			runOnlyForDeploymentPostprocessing = 0;
		};
/* End PBXCopyFilesBuildPhase section */

/* Begin PBXFileReference section */
		1F28ABAC2F86DA4A00639A74 /* Codex Switcher Widgets.appex */ = {isa = PBXFileReference; explicitFileType = "wrapper.app-extension"; includeInIndex = 0; path = "Codex Switcher Widgets.appex"; sourceTree = BUILT_PRODUCTS_DIR; };
		1F28ABAE2F86DA4A00639A74 /* WidgetKit.framework */ = {isa = PBXFileReference; lastKnownFileType = wrapper.framework; name = WidgetKit.framework; path = System/Library/Frameworks/WidgetKit.framework; sourceTree = SDKROOT; };
		1F28ABB02F86DA4B00639A74 /* SwiftUI.framework */ = {isa = PBXFileReference; lastKnownFileType = wrapper.framework; name = SwiftUI.framework; path = System/Library/Frameworks/SwiftUI.framework; sourceTree = SDKROOT; };
		1F87C9472F8406C7007DED25 /* Codex Switcher.app */ = {isa = PBXFileReference; explicitFileType = wrapper.application; includeInIndex = 0; path = "Codex Switcher.app"; sourceTree = BUILT_PRODUCTS_DIR; };
		1F87C9562F8406C9007DED25 /* Codex Switcher Tests.xctest */ = {isa = PBXFileReference; explicitFileType = wrapper.cfbundle; includeInIndex = 0; path = "Codex Switcher Tests.xctest"; sourceTree = BUILT_PRODUCTS_DIR; };
		1F87C9602F8406C9007DED25 /* Codex Switcher UI Tests.xctest */ = {isa = PBXFileReference; explicitFileType = wrapper.cfbundle; includeInIndex = 0; path = "Codex Switcher UI Tests.xctest"; sourceTree = BUILT_PRODUCTS_DIR; };
/* End PBXFileReference section */

/* Begin PBXFileSystemSynchronizedBuildFileExceptionSet section */
		1F28ABBF2F86DA4C00639A74 /* Exceptions for "Codex Switcher Widgets" folder in "Codex Switcher Widgets" target */ = {
			isa = PBXFileSystemSynchronizedBuildFileExceptionSet;
			membershipExceptions = (
				Info.plist,
			);
			target = 1F28ABAB2F86DA4A00639A74 /* Codex Switcher Widgets */;
		};
/* End PBXFileSystemSynchronizedBuildFileExceptionSet section */

/* Begin PBXFileSystemSynchronizedRootGroup section */
		1F28ABB22F86DA4B00639A74 /* Codex Switcher Widgets */ = {
			isa = PBXFileSystemSynchronizedRootGroup;
			exceptions = (
				1F28ABBF2F86DA4C00639A74 /* Exceptions for "Codex Switcher Widgets" folder in "Codex Switcher Widgets" target */,
			);
			path = "Codex Switcher Widgets";
			sourceTree = "<group>";
		};
		1F87C9492F8406C7007DED25 /* Codex Switcher */ = {
			isa = PBXFileSystemSynchronizedRootGroup;
			path = "Codex Switcher";
			sourceTree = "<group>";
		};
		1F87C9592F8406C9007DED25 /* Codex Switcher Tests */ = {
			isa = PBXFileSystemSynchronizedRootGroup;
			path = "Codex Switcher Tests";
			sourceTree = "<group>";
		};
		1F87C9632F8406C9007DED25 /* Codex Switcher UI Tests */ = {
			isa = PBXFileSystemSynchronizedRootGroup;
			path = "Codex Switcher UI Tests";
			sourceTree = "<group>";
		};
/* End PBXFileSystemSynchronizedRootGroup section */

/* Begin PBXFrameworksBuildPhase section */
		1F28ABA92F86DA4A00639A74 /* Frameworks */ = {
			isa = PBXFrameworksBuildPhase;
			buildActionMask = 2147483647;
			files = (
				1F28ABB12F86DA4B00639A74 /* SwiftUI.framework in Frameworks */,
				1F28ABAF2F86DA4B00639A74 /* WidgetKit.framework in Frameworks */,
			);
			runOnlyForDeploymentPostprocessing = 0;
		};
		1F87C9442F8406C7007DED25 /* Frameworks */ = {
			isa = PBXFrameworksBuildPhase;
			buildActionMask = 2147483647;
			files = (
			);
			runOnlyForDeploymentPostprocessing = 0;
		};
		1F87C9532F8406C9007DED25 /* Frameworks */ = {
			isa = PBXFrameworksBuildPhase;
			buildActionMask = 2147483647;
			files = (
			);
			runOnlyForDeploymentPostprocessing = 0;
		};
		1F87C95D2F8406C9007DED25 /* Frameworks */ = {
			isa = PBXFrameworksBuildPhase;
			buildActionMask = 2147483647;
			files = (
			);
			runOnlyForDeploymentPostprocessing = 0;
		};
/* End PBXFrameworksBuildPhase section */

/* Begin PBXGroup section */
		1F28ABAD2F86DA4A00639A74 /* Frameworks */ = {
			isa = PBXGroup;
			children = (
				1F28ABAE2F86DA4A00639A74 /* WidgetKit.framework */,
				1F28ABB02F86DA4B00639A74 /* SwiftUI.framework */,
			);
			name = Frameworks;
			sourceTree = "<group>";
		};
		1F87C93E2F8406C7007DED25 = {
			isa = PBXGroup;
			children = (
				1F87C9492F8406C7007DED25 /* Codex Switcher */,
				1F87C9592F8406C9007DED25 /* Codex Switcher Tests */,
				1F87C9632F8406C9007DED25 /* Codex Switcher UI Tests */,
				1F28ABB22F86DA4B00639A74 /* Codex Switcher Widgets */,
				1F28ABAD2F86DA4A00639A74 /* Frameworks */,
				1F87C9482F8406C7007DED25 /* Products */,
			);
			sourceTree = "<group>";
		};
		1F87C9482F8406C7007DED25 /* Products */ = {
			isa = PBXGroup;
			children = (
				1F87C9472F8406C7007DED25 /* Codex Switcher.app */,
				1F87C9562F8406C9007DED25 /* Codex Switcher Tests.xctest */,
				1F87C9602F8406C9007DED25 /* Codex Switcher UI Tests.xctest */,
				1F28ABAC2F86DA4A00639A74 /* Codex Switcher Widgets.appex */,
			);
			name = Products;
			sourceTree = "<group>";
		};
/* End PBXGroup section */

/* Begin PBXNativeTarget section */
		1F28ABAB2F86DA4A00639A74 /* Codex Switcher Widgets */ = {
			isa = PBXNativeTarget;
			buildConfigurationList = 1F28ABC02F86DA4C00639A74 /* Build configuration list for PBXNativeTarget "Codex Switcher Widgets" */;
			buildPhases = (
				1F28ABA82F86DA4A00639A74 /* Sources */,
				1F28ABA92F86DA4A00639A74 /* Frameworks */,
				1F28ABAA2F86DA4A00639A74 /* Resources */,
			);
			buildRules = (
			);
			dependencies = (
			);
			fileSystemSynchronizedGroups = (
				1F28ABB22F86DA4B00639A74 /* Codex Switcher Widgets */,
			);
			name = "Codex Switcher Widgets";
			packageProductDependencies = (
			);
			productName = "Codex Switcher WidgetsExtension";
			productReference = 1F28ABAC2F86DA4A00639A74 /* Codex Switcher Widgets.appex */;
			productType = "com.apple.product-type.app-extension";
		};
		1F87C9462F8406C7007DED25 /* Codex Switcher */ = {
			isa = PBXNativeTarget;
			buildConfigurationList = 1F87C96A2F8406C9007DED25 /* Build configuration list for PBXNativeTarget "Codex Switcher" */;
			buildPhases = (
				1F87C9432F8406C7007DED25 /* Sources */,
				1F87C9442F8406C7007DED25 /* Frameworks */,
				1F87C9452F8406C7007DED25 /* Resources */,
				1F28ABC32F86DA4C00639A74 /* Embed Foundation Extensions */,
			);
			buildRules = (
			);
			dependencies = (
				1F28ABBD2F86DA4C00639A74 /* PBXTargetDependency */,
			);
			fileSystemSynchronizedGroups = (
				1F87C9492F8406C7007DED25 /* Codex Switcher */,
			);
			name = "Codex Switcher";
			packageProductDependencies = (
			);
			productName = "Codex Switcher";
			productReference = 1F87C9472F8406C7007DED25 /* Codex Switcher.app */;
			productType = "com.apple.product-type.application";
		};
		1F87C9552F8406C9007DED25 /* Codex Switcher Tests */ = {
			isa = PBXNativeTarget;
			buildConfigurationList = 1F87C96D2F8406C9007DED25 /* Build configuration list for PBXNativeTarget "Codex Switcher Tests" */;
			buildPhases = (
				1F87C9522F8406C9007DED25 /* Sources */,
				1F87C9532F8406C9007DED25 /* Frameworks */,
				1F87C9542F8406C9007DED25 /* Resources */,
			);
			buildRules = (
			);
			dependencies = (
				1F87C9582F8406C9007DED25 /* PBXTargetDependency */,
			);
			fileSystemSynchronizedGroups = (
				1F87C9592F8406C9007DED25 /* Codex Switcher Tests */,
			);
			name = "Codex Switcher Tests";
			packageProductDependencies = (
			);
			productName = "Codex SwitcherTests";
			productReference = 1F87C9562F8406C9007DED25 /* Codex Switcher Tests.xctest */;
			productType = "com.apple.product-type.bundle.unit-test";
		};
		1F87C95F2F8406C9007DED25 /* Codex Switcher UI Tests */ = {
			isa = PBXNativeTarget;
			buildConfigurationList = 1F87C9702F8406C9007DED25 /* Build configuration list for PBXNativeTarget "Codex Switcher UI Tests" */;
			buildPhases = (
				1F87C95C2F8406C9007DED25 /* Sources */,
				1F87C95D2F8406C9007DED25 /* Frameworks */,
				1F87C95E2F8406C9007DED25 /* Resources */,
			);
			buildRules = (
			);
			dependencies = (
				1F87C9622F8406C9007DED25 /* PBXTargetDependency */,
			);
			fileSystemSynchronizedGroups = (
				1F87C9632F8406C9007DED25 /* Codex Switcher UI Tests */,
			);
			name = "Codex Switcher UI Tests";
			packageProductDependencies = (
			);
			productName = "Codex SwitcherUITests";
			productReference = 1F87C9602F8406C9007DED25 /* Codex Switcher UI Tests.xctest */;
			productType = "com.apple.product-type.bundle.ui-testing";
		};
/* End PBXNativeTarget section */

/* Begin PBXProject section */
		1F87C93F2F8406C7007DED25 /* Project object */ = {
			isa = PBXProject;
			attributes = {
				BuildIndependentTargetsInParallel = 1;
				LastSwiftUpdateCheck = 2640;
				LastUpgradeCheck = 2640;
				TargetAttributes = {
					1F28ABAB2F86DA4A00639A74 = {
						CreatedOnToolsVersion = 26.4;
					};
					1F87C9462F8406C7007DED25 = {
						CreatedOnToolsVersion = 26.4;
					};
					1F87C9552F8406C9007DED25 = {
						CreatedOnToolsVersion = 26.4;
						TestTargetID = 1F87C9462F8406C7007DED25;
					};
					1F87C95F2F8406C9007DED25 = {
						CreatedOnToolsVersion = 26.4;
						TestTargetID = 1F87C9462F8406C7007DED25;
					};
				};
			};
			buildConfigurationList = 1F87C9422F8406C7007DED25 /* Build configuration list for PBXProject "Codex Switcher" */;
			developmentRegion = en;
			hasScannedForEncodings = 0;
			knownRegions = (
				en,
				Base,
			);
			mainGroup = 1F87C93E2F8406C7007DED25;
			minimizedProjectReferenceProxies = 1;
			preferredProjectObjectVersion = 77;
			productRefGroup = 1F87C9482F8406C7007DED25 /* Products */;
			projectDirPath = "";
			projectRoot = "";
			targets = (
				1F87C9462F8406C7007DED25 /* Codex Switcher */,
				1F87C9552F8406C9007DED25 /* Codex Switcher Tests */,
				1F87C95F2F8406C9007DED25 /* Codex Switcher UI Tests */,
				1F28ABAB2F86DA4A00639A74 /* Codex Switcher Widgets */,
			);
		};
/* End PBXProject section */

/* Begin PBXResourcesBuildPhase section */
		1F28ABAA2F86DA4A00639A74 /* Resources */ = {
			isa = PBXResourcesBuildPhase;
			buildActionMask = 2147483647;
			files = (
			);
			runOnlyForDeploymentPostprocessing = 0;
		};
		1F87C9452F8406C7007DED25 /* Resources */ = {
			isa = PBXResourcesBuildPhase;
			buildActionMask = 2147483647;
			files = (
			);
			runOnlyForDeploymentPostprocessing = 0;
		};
		1F87C9542F8406C9007DED25 /* Resources */ = {
			isa = PBXResourcesBuildPhase;
			buildActionMask = 2147483647;
			files = (
			);
			runOnlyForDeploymentPostprocessing = 0;
		};
		1F87C95E2F8406C9007DED25 /* Resources */ = {
			isa = PBXResourcesBuildPhase;
			buildActionMask = 2147483647;
			files = (
			);
			runOnlyForDeploymentPostprocessing = 0;
		};
/* End PBXResourcesBuildPhase section */

/* Begin PBXSourcesBuildPhase section */
		1F28ABA82F86DA4A00639A74 /* Sources */ = {
			isa = PBXSourcesBuildPhase;
			buildActionMask = 2147483647;
			files = (
			);
			runOnlyForDeploymentPostprocessing = 0;
		};
		1F87C9432F8406C7007DED25 /* Sources */ = {
			isa = PBXSourcesBuildPhase;
			buildActionMask = 2147483647;
			files = (
			);
			runOnlyForDeploymentPostprocessing = 0;
		};
		1F87C9522F8406C9007DED25 /* Sources */ = {
			isa = PBXSourcesBuildPhase;
			buildActionMask = 2147483647;
			files = (
			);
			runOnlyForDeploymentPostprocessing = 0;
		};
		1F87C95C2F8406C9007DED25 /* Sources */ = {
			isa = PBXSourcesBuildPhase;
			buildActionMask = 2147483647;
			files = (
			);
			runOnlyForDeploymentPostprocessing = 0;
		};
/* End PBXSourcesBuildPhase section */

/* Begin PBXTargetDependency section */
		1F28ABBD2F86DA4C00639A74 /* PBXTargetDependency */ = {
			isa = PBXTargetDependency;
			target = 1F28ABAB2F86DA4A00639A74 /* Codex Switcher Widgets */;
			targetProxy = 1F28ABBC2F86DA4C00639A74 /* PBXContainerItemProxy */;
		};
		1F87C9582F8406C9007DED25 /* PBXTargetDependency */ = {
			isa = PBXTargetDependency;
			target = 1F87C9462F8406C7007DED25 /* Codex Switcher */;
			targetProxy = 1F87C9572F8406C9007DED25 /* PBXContainerItemProxy */;
		};
		1F87C9622F8406C9007DED25 /* PBXTargetDependency */ = {
			isa = PBXTargetDependency;
			target = 1F87C9462F8406C7007DED25 /* Codex Switcher */;
			targetProxy = 1F87C9612F8406C9007DED25 /* PBXContainerItemProxy */;
		};
/* End PBXTargetDependency section */

/* Begin XCBuildConfiguration section */
		1F28ABC12F86DA4C00639A74 /* Debug */ = {
			isa = XCBuildConfiguration;
			buildSettings = {
				ASSETCATALOG_COMPILER_GLOBAL_ACCENT_COLOR_NAME = AccentColor;
				ASSETCATALOG_COMPILER_WIDGET_BACKGROUND_COLOR_NAME = WidgetBackground;
				CODE_SIGN_IDENTITY = "Apple Development";
				CODE_SIGN_STYLE = Automatic;
				CURRENT_PROJECT_VERSION = 1;
				DEVELOPMENT_TEAM = YN958LW8P7;
				ENABLE_APP_SANDBOX = YES;
				ENABLE_HARDENED_RUNTIME = YES;
				GENERATE_INFOPLIST_FILE = YES;
				INFOPLIST_FILE = "Codex Switcher Widgets/Info.plist";
				INFOPLIST_KEY_CFBundleDisplayName = "Codex Switcher Widgets";
				INFOPLIST_KEY_NSHumanReadableCopyright = "";
				LD_RUNPATH_SEARCH_PATHS = (
					"$(inherited)",
					"@executable_path/../Frameworks",
					"@executable_path/../../../../Frameworks",
				);
				MACOSX_DEPLOYMENT_TARGET = 26.4;
				MARKETING_VERSION = 1.0;
				PRODUCT_BUNDLE_IDENTIFIER = com.marcel2215.codexswitcher.widgets;
				PRODUCT_NAME = "$(TARGET_NAME)";
				SKIP_INSTALL = YES;
				STRING_CATALOG_GENERATE_SYMBOLS = YES;
				SWIFT_APPROACHABLE_CONCURRENCY = YES;
				SWIFT_EMIT_LOC_STRINGS = YES;
				SWIFT_UPCOMING_FEATURE_MEMBER_IMPORT_VISIBILITY = YES;
				SWIFT_VERSION = 5.0;
			};
			name = Debug;
		};
		1F28ABC22F86DA4C00639A74 /* Release */ = {
			isa = XCBuildConfiguration;
			buildSettings = {
				ASSETCATALOG_COMPILER_GLOBAL_ACCENT_COLOR_NAME = AccentColor;
				ASSETCATALOG_COMPILER_WIDGET_BACKGROUND_COLOR_NAME = WidgetBackground;
				CODE_SIGN_IDENTITY = "Apple Development";
				CODE_SIGN_STYLE = Automatic;
				CURRENT_PROJECT_VERSION = 1;
				DEVELOPMENT_TEAM = YN958LW8P7;
				ENABLE_APP_SANDBOX = YES;
				ENABLE_HARDENED_RUNTIME = YES;
				GENERATE_INFOPLIST_FILE = YES;
				INFOPLIST_FILE = "Codex Switcher Widgets/Info.plist";
				INFOPLIST_KEY_CFBundleDisplayName = "Codex Switcher Widgets";
				INFOPLIST_KEY_NSHumanReadableCopyright = "";
				LD_RUNPATH_SEARCH_PATHS = (
					"$(inherited)",
					"@executable_path/../Frameworks",
					"@executable_path/../../../../Frameworks",
				);
				MACOSX_DEPLOYMENT_TARGET = 26.4;
				MARKETING_VERSION = 1.0;
				PRODUCT_BUNDLE_IDENTIFIER = com.marcel2215.codexswitcher.widgets;
				PRODUCT_NAME = "$(TARGET_NAME)";
				SKIP_INSTALL = YES;
				STRING_CATALOG_GENERATE_SYMBOLS = YES;
				SWIFT_APPROACHABLE_CONCURRENCY = YES;
				SWIFT_EMIT_LOC_STRINGS = YES;
				SWIFT_UPCOMING_FEATURE_MEMBER_IMPORT_VISIBILITY = YES;
				SWIFT_VERSION = 5.0;
			};
			name = Release;
		};
		1F87C9682F8406C9007DED25 /* Debug */ = {
			isa = XCBuildConfiguration;
			buildSettings = {
				ALWAYS_SEARCH_USER_PATHS = NO;
				ASSETCATALOG_COMPILER_GENERATE_SWIFT_ASSET_SYMBOL_EXTENSIONS = YES;
				CLANG_ANALYZER_NONNULL = YES;
				CLANG_ANALYZER_NUMBER_OBJECT_CONVERSION = YES_AGGRESSIVE;
				CLANG_CXX_LANGUAGE_STANDARD = "gnu++20";
				CLANG_ENABLE_MODULES = YES;
				CLANG_ENABLE_OBJC_ARC = YES;
				CLANG_ENABLE_OBJC_WEAK = YES;
				CLANG_WARN_BLOCK_CAPTURE_AUTORELEASING = YES;
				CLANG_WARN_BOOL_CONVERSION = YES;
				CLANG_WARN_COMMA = YES;
				CLANG_WARN_CONSTANT_CONVERSION = YES;
				CLANG_WARN_DEPRECATED_OBJC_IMPLEMENTATIONS = YES;
				CLANG_WARN_DIRECT_OBJC_ISA_USAGE = YES_ERROR;
				CLANG_WARN_DOCUMENTATION_COMMENTS = YES;
				CLANG_WARN_EMPTY_BODY = YES;
				CLANG_WARN_ENUM_CONVERSION = YES;
				CLANG_WARN_INFINITE_RECURSION = YES;
				CLANG_WARN_INT_CONVERSION = YES;
				CLANG_WARN_NON_LITERAL_NULL_CONVERSION = YES;
				CLANG_WARN_OBJC_IMPLICIT_RETAIN_SELF = YES;
				CLANG_WARN_OBJC_LITERAL_CONVERSION = YES;
				CLANG_WARN_OBJC_ROOT_CLASS = YES_ERROR;
				CLANG_WARN_QUOTED_INCLUDE_IN_FRAMEWORK_HEADER = YES;
				CLANG_WARN_RANGE_LOOP_ANALYSIS = YES;
				CLANG_WARN_STRICT_PROTOTYPES = YES;
				CLANG_WARN_SUSPICIOUS_MOVE = YES;
				CLANG_WARN_UNGUARDED_AVAILABILITY = YES_AGGRESSIVE;
				CLANG_WARN_UNREACHABLE_CODE = YES;
				CLANG_WARN__DUPLICATE_METHOD_MATCH = YES;
				COPY_PHASE_STRIP = NO;
				DEBUG_INFORMATION_FORMAT = dwarf;
				DEVELOPMENT_TEAM = YN958LW8P7;
				ENABLE_STRICT_OBJC_MSGSEND = YES;
				ENABLE_TESTABILITY = YES;
				ENABLE_USER_SCRIPT_SANDBOXING = YES;
				GCC_C_LANGUAGE_STANDARD = gnu17;
				GCC_DYNAMIC_NO_PIC = NO;
				GCC_NO_COMMON_BLOCKS = YES;
				GCC_OPTIMIZATION_LEVEL = 0;
				GCC_PREPROCESSOR_DEFINITIONS = (
					"DEBUG=1",
					"$(inherited)",
				);
				GCC_WARN_64_TO_32_BIT_CONVERSION = YES;
				GCC_WARN_ABOUT_RETURN_TYPE = YES_ERROR;
				GCC_WARN_UNDECLARED_SELECTOR = YES;
				GCC_WARN_UNINITIALIZED_AUTOS = YES_AGGRESSIVE;
				GCC_WARN_UNUSED_FUNCTION = YES;
				GCC_WARN_UNUSED_VARIABLE = YES;
				LOCALIZATION_PREFERS_STRING_CATALOGS = YES;
				MACOSX_DEPLOYMENT_TARGET = 26.4;
				MTL_ENABLE_DEBUG_INFO = INCLUDE_SOURCE;
				MTL_FAST_MATH = YES;
				ONLY_ACTIVE_ARCH = YES;
				SDKROOT = macosx;
				SWIFT_ACTIVE_COMPILATION_CONDITIONS = "DEBUG $(inherited)";
				SWIFT_OPTIMIZATION_LEVEL = "-Onone";
			};
			name = Debug;
		};
		1F87C9692F8406C9007DED25 /* Release */ = {
			isa = XCBuildConfiguration;
			buildSettings = {
				ALWAYS_SEARCH_USER_PATHS = NO;
				ASSETCATALOG_COMPILER_GENERATE_SWIFT_ASSET_SYMBOL_EXTENSIONS = YES;
				CLANG_ANALYZER_NONNULL = YES;
				CLANG_ANALYZER_NUMBER_OBJECT_CONVERSION = YES_AGGRESSIVE;
				CLANG_CXX_LANGUAGE_STANDARD = "gnu++20";
				CLANG_ENABLE_MODULES = YES;
				CLANG_ENABLE_OBJC_ARC = YES;
				CLANG_ENABLE_OBJC_WEAK = YES;
				CLANG_WARN_BLOCK_CAPTURE_AUTORELEASING = YES;
				CLANG_WARN_BOOL_CONVERSION = YES;
				CLANG_WARN_COMMA = YES;
				CLANG_WARN_CONSTANT_CONVERSION = YES;
				CLANG_WARN_DEPRECATED_OBJC_IMPLEMENTATIONS = YES;
				CLANG_WARN_DIRECT_OBJC_ISA_USAGE = YES_ERROR;
				CLANG_WARN_DOCUMENTATION_COMMENTS = YES;
				CLANG_WARN_EMPTY_BODY = YES;
				CLANG_WARN_ENUM_CONVERSION = YES;
				CLANG_WARN_INFINITE_RECURSION = YES;
				CLANG_WARN_INT_CONVERSION = YES;
				CLANG_WARN_NON_LITERAL_NULL_CONVERSION = YES;
				CLANG_WARN_OBJC_IMPLICIT_RETAIN_SELF = YES;
				CLANG_WARN_OBJC_LITERAL_CONVERSION = YES;
				CLANG_WARN_OBJC_ROOT_CLASS = YES_ERROR;
				CLANG_WARN_QUOTED_INCLUDE_IN_FRAMEWORK_HEADER = YES;
				CLANG_WARN_RANGE_LOOP_ANALYSIS = YES;
				CLANG_WARN_STRICT_PROTOTYPES = YES;
				CLANG_WARN_SUSPICIOUS_MOVE = YES;
				CLANG_WARN_UNGUARDED_AVAILABILITY = YES_AGGRESSIVE;
				CLANG_WARN_UNREACHABLE_CODE = YES;
				CLANG_WARN__DUPLICATE_METHOD_MATCH = YES;
				COPY_PHASE_STRIP = NO;
				DEBUG_INFORMATION_FORMAT = "dwarf-with-dsym";
				DEVELOPMENT_TEAM = YN958LW8P7;
				ENABLE_NS_ASSERTIONS = NO;
				ENABLE_STRICT_OBJC_MSGSEND = YES;
				ENABLE_USER_SCRIPT_SANDBOXING = YES;
				GCC_C_LANGUAGE_STANDARD = gnu17;
				GCC_NO_COMMON_BLOCKS = YES;
				GCC_WARN_64_TO_32_BIT_CONVERSION = YES;
				GCC_WARN_ABOUT_RETURN_TYPE = YES_ERROR;
				GCC_WARN_UNDECLARED_SELECTOR = YES;
				GCC_WARN_UNINITIALIZED_AUTOS = YES_AGGRESSIVE;
				GCC_WARN_UNUSED_FUNCTION = YES;
				GCC_WARN_UNUSED_VARIABLE = YES;
				LOCALIZATION_PREFERS_STRING_CATALOGS = YES;
				MACOSX_DEPLOYMENT_TARGET = 26.4;
				MTL_ENABLE_DEBUG_INFO = NO;
				MTL_FAST_MATH = YES;
				SDKROOT = macosx;
				SWIFT_COMPILATION_MODE = wholemodule;
			};
			name = Release;
		};
		1F87C96B2F8406C9007DED25 /* Debug */ = {
			isa = XCBuildConfiguration;
			buildSettings = {
				ASSETCATALOG_COMPILER_APPICON_NAME = AppIcon;
				ASSETCATALOG_COMPILER_GLOBAL_ACCENT_COLOR_NAME = AccentColor;
				CODE_SIGN_ENTITLEMENTS = "Codex Switcher/Codex Switcher.entitlements";
				CODE_SIGN_IDENTITY = "Apple Development";
				CODE_SIGN_STYLE = Automatic;
				COMBINE_HIDPI_IMAGES = YES;
				CURRENT_PROJECT_VERSION = 1;
				DEVELOPMENT_TEAM = YN958LW8P7;
				ENABLE_APP_SANDBOX = YES;
				ENABLE_HARDENED_RUNTIME = YES;
				ENABLE_INCOMING_NETWORK_CONNECTIONS = NO;
				ENABLE_OUTGOING_NETWORK_CONNECTIONS = NO;
				ENABLE_PREVIEWS = YES;
				ENABLE_RESOURCE_ACCESS_AUDIO_INPUT = NO;
				ENABLE_RESOURCE_ACCESS_BLUETOOTH = NO;
				ENABLE_RESOURCE_ACCESS_CALENDARS = NO;
				ENABLE_RESOURCE_ACCESS_CAMERA = NO;
				ENABLE_RESOURCE_ACCESS_CONTACTS = NO;
				ENABLE_RESOURCE_ACCESS_LOCATION = NO;
				ENABLE_RESOURCE_ACCESS_PRINTING = NO;
				ENABLE_RESOURCE_ACCESS_USB = NO;
				ENABLE_USER_SELECTED_FILES = readwrite;
				GENERATE_INFOPLIST_FILE = YES;
				INFOPLIST_KEY_CFBundleDisplayName = "Codex Switcher";
				INFOPLIST_KEY_LSApplicationCategoryType = "public.app-category.utilities";
				INFOPLIST_KEY_NSHumanReadableCopyright = "";
				LD_RUNPATH_SEARCH_PATHS = (
					"$(inherited)",
					"@executable_path/../Frameworks",
				);
				MARKETING_VERSION = 1.0;
				PRODUCT_BUNDLE_IDENTIFIER = com.marcel2215.codexswitcher;
				PRODUCT_NAME = "$(TARGET_NAME)";
				PROVISIONING_PROFILE_SPECIFIER = "";
				REGISTER_APP_GROUPS = YES;
				STRING_CATALOG_GENERATE_SYMBOLS = YES;
				SWIFT_APPROACHABLE_CONCURRENCY = YES;
				SWIFT_DEFAULT_ACTOR_ISOLATION = MainActor;
				SWIFT_EMIT_LOC_STRINGS = YES;
				SWIFT_UPCOMING_FEATURE_MEMBER_IMPORT_VISIBILITY = YES;
				SWIFT_VERSION = 6.0;
			};
			name = Debug;
		};
		1F87C96C2F8406C9007DED25 /* Release */ = {
			isa = XCBuildConfiguration;
			buildSettings = {
				ASSETCATALOG_COMPILER_APPICON_NAME = AppIcon;
				ASSETCATALOG_COMPILER_GLOBAL_ACCENT_COLOR_NAME = AccentColor;
				CODE_SIGN_ENTITLEMENTS = "Codex Switcher/Codex Switcher.entitlements";
				CODE_SIGN_IDENTITY = "Apple Development";
				CODE_SIGN_STYLE = Automatic;
				COMBINE_HIDPI_IMAGES = YES;
				CURRENT_PROJECT_VERSION = 1;
				DEVELOPMENT_TEAM = YN958LW8P7;
				ENABLE_APP_SANDBOX = YES;
				ENABLE_HARDENED_RUNTIME = YES;
				ENABLE_INCOMING_NETWORK_CONNECTIONS = NO;
				ENABLE_OUTGOING_NETWORK_CONNECTIONS = NO;
				ENABLE_PREVIEWS = YES;
				ENABLE_RESOURCE_ACCESS_AUDIO_INPUT = NO;
				ENABLE_RESOURCE_ACCESS_BLUETOOTH = NO;
				ENABLE_RESOURCE_ACCESS_CALENDARS = NO;
				ENABLE_RESOURCE_ACCESS_CAMERA = NO;
				ENABLE_RESOURCE_ACCESS_CONTACTS = NO;
				ENABLE_RESOURCE_ACCESS_LOCATION = NO;
				ENABLE_RESOURCE_ACCESS_PRINTING = NO;
				ENABLE_RESOURCE_ACCESS_USB = NO;
				GENERATE_INFOPLIST_FILE = YES;
				INFOPLIST_KEY_CFBundleDisplayName = "Codex Switcher";
				INFOPLIST_KEY_LSApplicationCategoryType = "public.app-category.utilities";
				INFOPLIST_KEY_NSHumanReadableCopyright = "";
				LD_RUNPATH_SEARCH_PATHS = (
					"$(inherited)",
					"@executable_path/../Frameworks",
				);
				MARKETING_VERSION = 1.0;
				PRODUCT_BUNDLE_IDENTIFIER = com.marcel2215.codexswitcher;
				PRODUCT_NAME = "$(TARGET_NAME)";
				PROVISIONING_PROFILE_SPECIFIER = "";
				REGISTER_APP_GROUPS = YES;
				STRING_CATALOG_GENERATE_SYMBOLS = YES;
				SWIFT_APPROACHABLE_CONCURRENCY = YES;
				SWIFT_DEFAULT_ACTOR_ISOLATION = MainActor;
				SWIFT_EMIT_LOC_STRINGS = YES;
				SWIFT_UPCOMING_FEATURE_MEMBER_IMPORT_VISIBILITY = YES;
				SWIFT_VERSION = 6.0;
			};
			name = Release;
		};
		1F87C96E2F8406C9007DED25 /* Debug */ = {
			isa = XCBuildConfiguration;
			buildSettings = {
				BUNDLE_LOADER = "$(TEST_HOST)";
				CODE_SIGN_STYLE = Automatic;
				CURRENT_PROJECT_VERSION = 1;
				DEVELOPMENT_TEAM = YN958LW8P7;
				GENERATE_INFOPLIST_FILE = YES;
				MACOSX_DEPLOYMENT_TARGET = 26.4;
				MARKETING_VERSION = 1.0;
				PRODUCT_BUNDLE_IDENTIFIER = "com.marcel2215.Codex-SwitcherTests";
				PRODUCT_NAME = "$(TARGET_NAME)";
				STRING_CATALOG_GENERATE_SYMBOLS = NO;
				SWIFT_APPROACHABLE_CONCURRENCY = YES;
				SWIFT_EMIT_LOC_STRINGS = NO;
				SWIFT_UPCOMING_FEATURE_MEMBER_IMPORT_VISIBILITY = YES;
				SWIFT_VERSION = 6.0;
				TEST_HOST = "$(BUILT_PRODUCTS_DIR)/Codex Switcher.app/$(BUNDLE_EXECUTABLE_FOLDER_PATH)/Codex Switcher";
			};
			name = Debug;
		};
		1F87C96F2F8406C9007DED25 /* Release */ = {
			isa = XCBuildConfiguration;
			buildSettings = {
				BUNDLE_LOADER = "$(TEST_HOST)";
				CODE_SIGN_STYLE = Automatic;
				CURRENT_PROJECT_VERSION = 1;
				DEVELOPMENT_TEAM = YN958LW8P7;
				GENERATE_INFOPLIST_FILE = YES;
				MACOSX_DEPLOYMENT_TARGET = 26.4;
				MARKETING_VERSION = 1.0;
				PRODUCT_BUNDLE_IDENTIFIER = "com.marcel2215.Codex-SwitcherTests";
				PRODUCT_NAME = "$(TARGET_NAME)";
				STRING_CATALOG_GENERATE_SYMBOLS = NO;
				SWIFT_APPROACHABLE_CONCURRENCY = YES;
				SWIFT_EMIT_LOC_STRINGS = NO;
				SWIFT_UPCOMING_FEATURE_MEMBER_IMPORT_VISIBILITY = YES;
				SWIFT_VERSION = 6.0;
				TEST_HOST = "$(BUILT_PRODUCTS_DIR)/Codex Switcher.app/$(BUNDLE_EXECUTABLE_FOLDER_PATH)/Codex Switcher";
			};
			name = Release;
		};
		1F87C9712F8406C9007DED25 /* Debug */ = {
			isa = XCBuildConfiguration;
			buildSettings = {
				CODE_SIGN_STYLE = Automatic;
				CURRENT_PROJECT_VERSION = 1;
				DEVELOPMENT_TEAM = YN958LW8P7;
				GENERATE_INFOPLIST_FILE = YES;
				MARKETING_VERSION = 1.0;
				PRODUCT_BUNDLE_IDENTIFIER = "com.marcel2215.Codex-SwitcherUITests";
				PRODUCT_NAME = "$(TARGET_NAME)";
				STRING_CATALOG_GENERATE_SYMBOLS = NO;
				SWIFT_APPROACHABLE_CONCURRENCY = YES;
				SWIFT_EMIT_LOC_STRINGS = NO;
				SWIFT_UPCOMING_FEATURE_MEMBER_IMPORT_VISIBILITY = YES;
				SWIFT_VERSION = 6.0;
				TEST_TARGET_NAME = "Codex Switcher";
			};
			name = Debug;
		};
		1F87C9722F8406C9007DED25 /* Release */ = {
			isa = XCBuildConfiguration;
			buildSettings = {
				CODE_SIGN_STYLE = Automatic;
				CURRENT_PROJECT_VERSION = 1;
				DEVELOPMENT_TEAM = YN958LW8P7;
				GENERATE_INFOPLIST_FILE = YES;
				MARKETING_VERSION = 1.0;
				PRODUCT_BUNDLE_IDENTIFIER = "com.marcel2215.Codex-SwitcherUITests";
				PRODUCT_NAME = "$(TARGET_NAME)";
				STRING_CATALOG_GENERATE_SYMBOLS = NO;
				SWIFT_APPROACHABLE_CONCURRENCY = YES;
				SWIFT_EMIT_LOC_STRINGS = NO;
				SWIFT_UPCOMING_FEATURE_MEMBER_IMPORT_VISIBILITY = YES;
				SWIFT_VERSION = 6.0;
				TEST_TARGET_NAME = "Codex Switcher";
			};
			name = Release;
		};
/* End XCBuildConfiguration section */

/* Begin XCConfigurationList section */
		1F28ABC02F86DA4C00639A74 /* Build configuration list for PBXNativeTarget "Codex Switcher Widgets" */ = {
			isa = XCConfigurationList;
			buildConfigurations = (
				1F28ABC12F86DA4C00639A74 /* Debug */,
				1F28ABC22F86DA4C00639A74 /* Release */,
			);
			defaultConfigurationIsVisible = 0;
			defaultConfigurationName = Release;
		};
		1F87C9422F8406C7007DED25 /* Build configuration list for PBXProject "Codex Switcher" */ = {
			isa = XCConfigurationList;
			buildConfigurations = (
				1F87C9682F8406C9007DED25 /* Debug */,
				1F87C9692F8406C9007DED25 /* Release */,
			);
			defaultConfigurationIsVisible = 0;
			defaultConfigurationName = Release;
		};
		1F87C96A2F8406C9007DED25 /* Build configuration list for PBXNativeTarget "Codex Switcher" */ = {
			isa = XCConfigurationList;
			buildConfigurations = (
				1F87C96B2F8406C9007DED25 /* Debug */,
				1F87C96C2F8406C9007DED25 /* Release */,
			);
			defaultConfigurationIsVisible = 0;
			defaultConfigurationName = Release;
		};
		1F87C96D2F8406C9007DED25 /* Build configuration list for PBXNativeTarget "Codex Switcher Tests" */ = {
			isa = XCConfigurationList;
			buildConfigurations = (
				1F87C96E2F8406C9007DED25 /* Debug */,
				1F87C96F2F8406C9007DED25 /* Release */,
			);
			defaultConfigurationIsVisible = 0;
			defaultConfigurationName = Release;
		};
		1F87C9702F8406C9007DED25 /* Build configuration list for PBXNativeTarget "Codex Switcher UI Tests" */ = {
			isa = XCConfigurationList;
			buildConfigurations = (
				1F87C9712F8406C9007DED25 /* Debug */,
				1F87C9722F8406C9007DED25 /* Release */,
			);
			defaultConfigurationIsVisible = 0;
			defaultConfigurationName = Release;
		};
/* End XCConfigurationList section */
	};
	rootObject = 1F87C93F2F8406C7007DED25 /* Project object */;
}
